Microsoft Visual Studio Solution File, Format Version 11.00
# Visual Studio 2017

Project("{8BC9CEB8-8B4A-11D0-8D11-00A0C91BC942}") = "SofaPan - VST", "SofaPan_VST.vcxproj", "{DFC37028-9115-89F7-7105-7DC6A4513404}"
	ProjectSection(ProjectDependencies) = postProject
		{A6C135FC-A2C8-DF25-214A-5FB3FFB7FB8F} = {A6C135FC-A2C8-DF25-214A-5FB3FFB7FB8F}
	EndProjectSection
EndProject
Project("{8BC9CEB8-8B4A-11D0-8D11-00A0C91BC942}") = "SofaPan - VST3", "SofaPan_VST3.vcxproj", "{7EE7549B-7B25-0AAE-AD46-4071B4835CE8}"
	ProjectSection(ProjectDependencies) = postProject
		{A6C135FC-A2C8-DF25-214A-5FB3FFB7FB8F} = {A6C135FC-A2C8-DF25-214A-5FB3FFB7FB8F}
	EndProjectSection
EndProject
Project("{8BC9CEB8-8B4A-11D0-8D11-00A0C91BC942}") = "SofaPan - Shared Code", "SofaPan_SharedCode.vcxproj", "{A6C135FC-A2C8-DF25-214A-5FB3FFB7FB8F}"
EndProject
Global
	GlobalSection(SolutionConfigurationPlatforms) = preSolution
		Release|x64 = Release|x64
		Debug|x64 = Debug|x64
	EndGlobalSection
	GlobalSection(ProjectConfigurationPlatforms) = postSolution
		{DFC37028-9115-89F7-7105-7DC6A4513404}.Release|x64.ActiveCfg = Release|x64
		{DFC37028-9115-89F7-7105-7DC6A4513404}.Release|x64.Build.0 = Release|x64
		{DFC37028-9115-89F7-7105-7DC6A4513404}.Debug|x64.ActiveCfg = Debug|x64
		{DFC37028-9115-89F7-7105-7DC6A4513404}.Debug|x64.Build.0 = Debug|x64
		{7EE7549B-7B25-0AAE-AD46-4071B4835CE8}.Release|x64.ActiveCfg = Release|x64
		{7EE7549B-7B25-0AAE-AD46-4071B4835CE8}.Release|x64.Build.0 = Release|x64
		{7EE7549B-7B25-0AAE-AD46-4071B4835CE8}.Debug|x64.ActiveCfg = Debug|x64
		{7EE7549B-7B25-0AAE-AD46-4071B4835CE8}.Debug|x64.Build.0 = Debug|x64
		{A6C135FC-A2C8-DF25-214A-5FB3FFB7FB8F}.Release|x64.ActiveCfg = Release|x64
		{A6C135FC-A2C8-DF25-214A-5FB3FFB7FB8F}.Release|x64.Build.0 = Release|x64
		{A6C135FC-A2C8-DF25-214A-5FB3FFB7FB8F}.Debug|x64.ActiveCfg = Debug|x64
		{A6C135FC-A2C8-DF25-214A-5FB3FFB7FB8F}.Debug|x64.Build.0 = Debug|x64
	EndGlobalSection
	GlobalSection(SolutionProperties) = preSolution
		HideSolutionNode = FALSE
	EndGlobalSection
EndGlobal
