// !$*UTF8*$!
{
	archiveVersion = 1;
	classes = {
	};
	objectVersion = 46;
	objects = {

		E540BCED348C7CE7768DE4D9 = {isa = PBXBuildFile; fileRef = C10E1D6AD57A9ACD6CCC2133; };
		B0B50CBAD0023344F69C5B58 = {isa = PBXBuildFile; fileRef = 8E9BF881E7BDAC596A8B2E15; };
		B1BE340628B8D58ABE8DC5A1 = {isa = PBXBuildFile; fileRef = 26C12FF0FEE222CE2D49DB7D; };
		3D3A7DB70D16FDDC76908F85 = {isa = PBXBuildFile; fileRef = B3B8E1F4F83CDD7909E0417D; };
		C3A383D6CEFAF3104CDAE46C = {isa = PBXBuildFile; fileRef = 12F1D6F2C337F49194A67372; };
		F1B34AF03C6C956D25E8E2A1 = {isa = PBXBuildFile; fileRef = 044302ECE12881EC6A18AF6E; };
		C5C07792E48B45A600BA3E81 = {isa = PBXBuildFile; fileRef = CC025B9485ED8D9B0B2BD249; };
		0B89AD15B98B36CBED41DDA0 = {isa = PBXBuildFile; fileRef = 86E587D588C7E10A44BBC551; };
		869DF5DDB5B8909C1CF19C34 = {isa = PBXBuildFile; fileRef = 2C3C8961BEBFC9B630AFD8AE; };
		3A1975E2B95EABDC6EC66B62 = {isa = PBXBuildFile; fileRef = 77265240655B7583C4BABF0F; };
		7AB8B0336A5BE675C0459874 = {isa = PBXBuildFile; fileRef = ED0D2A47E8FCC2450C8CEFD4; };
		88210E42D851CC23D6C23D88 = {isa = PBXBuildFile; fileRef = 714E7BA62418D76FD09CA68B; };
		7E66CB9DF4C9573D1308DD86 = {isa = PBXBuildFile; fileRef = 8EEDEE38B57DF3C3270EC337; };
		8AF78F3D596D59CA19229BC3 = {isa = PBXBuildFile; fileRef = 2B9AE522183D6D531D11B3D8; };
		596D196241429FB4127867EA = {isa = PBXBuildFile; fileRef = 4157A5F67B90A3CEFFBCB63F; };
		029BCC0FA8793DF661194DCE = {isa = PBXBuildFile; fileRef = 71BEBB2838A672CC96FFF7AC; };
		6A300E9E80381BE5E427A4D1 = {isa = PBXBuildFile; fileRef = E0DF3ADBC531B558B178017C; };
		31D01F564689BFBC108163A5 = {isa = PBXBuildFile; fileRef = 39C501E5953C86955B2E1D9A; };
		6751AAF8FFA8EF3ECA9F7D85 = {isa = PBXBuildFile; fileRef = 89092F269C02A94FAAB9C605; };
		5F7A8F48FB742163D0A14C8E = {isa = PBXBuildFile; fileRef = 092DBB3135E244199CC001AE; };
		15792EA385D5EC9C7BE3D8B5 = {isa = PBXBuildFile; fileRef = 9C12B422815ADD17BA5FE95C; };
		D116A20D780D1830B5D52788 = {isa = PBXBuildFile; fileRef = 6BD98C59AEBB0148B90A57F3; };
		6632FC4C84619B1D58223147 = {isa = PBXBuildFile; fileRef = 2ECF5FE33F35E163109F458E; };
		49B329FBDB42A6B5F7018E57 = {isa = PBXBuildFile; fileRef = 544488531003A41B2E378755; };
		4032AF333963D9AB1EE0BB87 = {isa = PBXBuildFile; fileRef = C1D612C82C811B206DD2E6A9; };
		A351412A04E81ADC75016E9E = {isa = PBXBuildFile; fileRef = 333DA34C86DB27237B10B542; };
		243B29865112F061042F5E52 = {isa = PBXBuildFile; fileRef = FFC01EE978F1CFA959896617; };
		75ACE18340AD8CF39D97457A = {isa = PBXBuildFile; fileRef = 7C95045B62D1E57276221A4B; };
		CB7E57B5F15654106A82EAF4 = {isa = PBXBuildFile; fileRef = 46B2DB9CF97D5C2F3E9AF38A; };
		C05A7B21F59BB647DF3956A2 = {isa = PBXBuildFile; fileRef = 0C646B71382F4A718DC74175; };
		48EE019D048076D315CE22E4 = {isa = PBXBuildFile; fileRef = F26C5DA7E0300EE07C67F533; };
		9C96652F8A93E0CA1EAF2409 = {isa = PBXBuildFile; fileRef = E32A7A7CB5F576853E35A154; };
		E19A8886C5C28D714A6CA188 = {isa = PBXBuildFile; fileRef = 00A4CE69D1434D089F2361D4; };
		E7D1785F9BE4A488BC9C792F = {isa = PBXBuildFile; fileRef = 0302CA0D50AA0EF4FC4D0643; };
		54B3E32AEE2A121E53B3F7A6 = {isa = PBXBuildFile; fileRef = D0510A6762A32875BCC56427; };
		528B51E6B727F1268F4CBA71 = {isa = PBXBuildFile; fileRef = 629C6E8C5EDF6C56846C8B46; };
		8AF5519080B6490CA3255693 = {isa = PBXBuildFile; fileRef = 346E97F2F68BEA88FB3E7CD5; };
		29AD45B9CBDB8DE5ED42C154 = {isa = PBXBuildFile; fileRef = F355AD281E9C36FB8C3C92DF; };
		49F39C8E725484F423064D44 = {isa = PBXBuildFile; fileRef = 8FC678D2BD55D1033AFD8AE5; };
		BF72EC8EBB4BC688F1D4CE97 = {isa = PBXBuildFile; fileRef = 3B4BC45F6161CFE820DAF61A; };
		3B43A52C0FD2D8995CF4917A = {isa = PBXBuildFile; fileRef = C375750D47757828AFA3B520; };
		CADA6D9E5B97F6CB0F70FE09 = {isa = PBXBuildFile; fileRef = 22540A6BB07A7EEF7AE529C0; };
		77A5DCC897070805BBCF0146 = {isa = PBXBuildFile; fileRef = DC053F80923F618C1C307396; };
		B25A495B2D523C2793C3587C = {isa = PBXBuildFile; fileRef = 0C01E0DBBA4AA7ACABE4345F; };
		00A4CE69D1434D089F2361D4 = {isa = PBXFileReference; lastKnownFileType = sourcecode.cpp.cpp; name = "include_juce_audio_plugin_client_Standalone.cpp"; path = "../../JuceLibraryCode/include_juce_audio_plugin_client_Standalone.cpp"; sourceTree = "SOURCE_ROOT"; };
		0302CA0D50AA0EF4FC4D0643 = {isa = PBXFileReference; lastKnownFileType = sourcecode.cpp.cpp; name = "include_juce_audio_plugin_client_utils.cpp"; path = "../../JuceLibraryCode/include_juce_audio_plugin_client_utils.cpp"; sourceTree = "SOURCE_ROOT"; };
		044302ECE12881EC6A18AF6E = {isa = PBXFileReference; lastKnownFileType = wrapper.framework; name = AVFoundation.framework; path = System/Library/Frameworks/AVFoundation.framework; sourceTree = SDKROOT; };
		0543ABE61BEA9262B0B68B98 = {isa = PBXFileReference; lastKnownFileType = text.plist.xml; name = "Info-Standalone_Plugin.plist"; path = "Info-Standalone_Plugin.plist"; sourceTree = "SOURCE_ROOT"; };
		06EE7A64431F908CD89A371F = {isa = PBXFileReference; lastKnownFileType = sourcecode.c.h; name = SofaPathSharedUpdater.h; path = ../../Source/SofaPathSharedUpdater.h; sourceTree = "SOURCE_ROOT"; };
		07FE70B077A14C72B95B393B = {isa = PBXFileReference; lastKnownFileType = file; name = "juce_dsp"; path = "../../../../JUCE/modules/juce_dsp"; sourceTree = "SOURCE_ROOT"; };
		092DBB3135E244199CC001AE = {isa = PBXFileReference; lastKnownFileType = sourcecode.cpp.cpp; name = SoundSourceOld.cpp; path = ../../Source/SoundSourceOld.cpp; sourceTree = "SOURCE_ROOT"; };
		0C01E0DBBA4AA7ACABE4345F = {isa = PBXFileReference; lastKnownFileType = sourcecode.cpp.objcpp; name = "include_juce_gui_extra.mm"; path = "../../JuceLibraryCode/include_juce_gui_extra.mm"; sourceTree = "SOURCE_ROOT"; };
		0C646B71382F4A718DC74175 = {isa = PBXFileReference; lastKnownFileType = sourcecode.cpp.objcpp; name = "include_juce_audio_devices.mm"; path = "../../JuceLibraryCode/include_juce_audio_devices.mm"; sourceTree = "SOURCE_ROOT"; };
		12F1D6F2C337F49194A67372 = {isa = PBXFileReference; lastKnownFileType = wrapper.framework; name = AudioToolbox.framework; path = System/Library/Frameworks/AudioToolbox.framework; sourceTree = SDKROOT; };
		166A1DD92F5FBFCF4E6D015A = {isa = PBXFileReference; lastKnownFileType = sourcecode.c.h; name = PluginEditor.h; path = ../../Source/PluginEditor.h; sourceTree = "SOURCE_ROOT"; };
		1B6AC4F59A7CB13B7F066CDA = {isa = PBXFileReference; lastKnownFileType = sourcecode.c.h; name = UpdateRateLimiter.h; path = ../../Source/UpdateRateLimiter.h; sourceTree = "SOURCE_ROOT"; };
		208FBB4D9C763C3AD35CAD61 = {isa = PBXFileReference; lastKnownFileType = sourcecode.c.h; name = HeadTopHexData.h; path = ../../Source/GUI/HeadTopHexData.h; sourceTree = "SOURCE_ROOT"; };
		22540A6BB07A7EEF7AE529C0 = {isa = PBXFileReference; lastKnownFileType = sourcecode.cpp.objcpp; name = "include_juce_graphics.mm"; path = "../../JuceLibraryCode/include_juce_graphics.mm"; sourceTree = "SOURCE_ROOT"; };
		2460859F7532380971A05106 = {isa = PBXFileReference; lastKnownFileType = sourcecode.c.h; name = HeadSideHexData.h; path = ../../Source/GUI/HeadSideHexData.h; sourceTree = "SOURCE_ROOT"; };
		287202DCD13E185E66A482BC = {isa = PBXFileReference; lastKnownFileType = file; name = "juce_gui_basics"; path = "../../../../JUCE/modules/juce_gui_basics"; sourceTree = "SOURCE_ROOT"; };
		2B9AE522183D6D531D11B3D8 = {isa = PBXFileReference; lastKnownFileType = wrapper.framework; name = QuartzCore.framework; path = System/Library/Frameworks/QuartzCore.framework; sourceTree = SDKROOT; };
		2C3C8961BEBFC9B630AFD8AE = {isa = PBXFileReference; lastKnownFileType = wrapper.framework; name = CoreGraphics.framework; path = System/Library/Frameworks/CoreGraphics.framework; sourceTree = SDKROOT; };
		2EAD75875DFB0FC40798F802 = {isa = PBXFileReference; lastKnownFileType = sourcecode.c.h; name = SOFAData.h; path = ../../Source/SOFAData.h; sourceTree = "SOURCE_ROOT"; };
		2ECF5FE33F35E163109F458E = {isa = PBXFileReference; lastKnownFileType = sourcecode.cpp.cpp; name = EarlyReflection.cpp; path = ../../Source/EarlyReflection.cpp; sourceTree = "SOURCE_ROOT"; };
		31EC63A68264015BC9712408 = {isa = PBXFileReference; lastKnownFileType = sourcecode.c.h; name = FilterKernel.h; path = ../../Source/FilterKernel.h; sourceTree = "SOURCE_ROOT"; };
		31F69D7D4BB38F7E82B7FEBC = {isa = PBXFileReference; lastKnownFileType = file; name = "juce_audio_devices"; path = "../../../../JUCE/modules/juce_audio_devices"; sourceTree = "SOURCE_ROOT"; };
		333DA34C86DB27237B10B542 = {isa = PBXFileReference; lastKnownFileType = sourcecode.c.h; name = SofaMetadataView.h; path = ../../Source/SofaMetadataView.h; sourceTree = "SOURCE_ROOT"; };
		346E97F2F68BEA88FB3E7CD5 = {isa = PBXFileReference; lastKnownFileType = sourcecode.cpp.objcpp; name = "include_juce_audio_utils.mm"; path = "../../JuceLibraryCode/include_juce_audio_utils.mm"; sourceTree = "SOURCE_ROOT"; };
		368737A36910970C98FBF444 = {isa = PBXFileReference; lastKnownFileType = sourcecode.c.h; name = EarlyReflection.h; path = ../../Source/EarlyReflection.h; sourceTree = "SOURCE_ROOT"; };
		39C501E5953C86955B2E1D9A = {isa = PBXFileReference; lastKnownFileType = sourcecode.cpp.cpp; name = SOFAData.cpp; path = ../../Source/SOFAData.cpp; sourceTree = "SOURCE_ROOT"; };
		3B4BC45F6161CFE820DAF61A = {isa = PBXFileReference; lastKnownFileType = sourcecode.cpp.objcpp; name = "include_juce_dsp.mm"; path = "../../JuceLibraryCode/include_juce_dsp.mm"; sourceTree = "SOURCE_ROOT"; };
		4157A5F67B90A3CEFFBCB63F = {isa = PBXFileReference; lastKnownFileType = wrapper.framework; name = UIKit.framework; path = System/Library/Frameworks/UIKit.framework; sourceTree = SDKROOT; };
		455001AB6C4A1849870C8D97 = {isa = PBXFileReference; lastKnownFileType = sourcecode.c.h; name = elevationSliderLookAndFeel.h; path = ../../Source/GUI/elevationSliderLookAndFeel.h; sourceTree = "SOURCE_ROOT"; };
		46B2DB9CF97D5C2F3E9AF38A = {isa = PBXFileReference; lastKnownFileType = sourcecode.cpp.objcpp; name = "include_juce_audio_basics.mm"; path = "../../JuceLibraryCode/include_juce_audio_basics.mm"; sourceTree = "SOURCE_ROOT"; };
		4E3E84108BA8951B06C62BBD = {isa = PBXFileReference; lastKnownFileType = sourcecode.c.h; name = MirrorReflections.h; path = ../../Source/MirrorReflections.h; sourceTree = "SOURCE_ROOT"; };
		52AB5B0C472D6287D276887A = {isa = PBXFileReference; lastKnownFileType = sourcecode.c.h; name = ParameterStruct.h; path = ../../Source/ParameterStruct.h; sourceTree = "SOURCE_ROOT"; };
		544488531003A41B2E378755 = {isa = PBXFileReference; lastKnownFileType = sourcecode.c.h; name = PlotHRIRComponent.h; path = ../../Source/PlotHRIRComponent.h; sourceTree = "SOURCE_ROOT"; };
		56A44B8B0100BD670C45EFAB = {isa = PBXFileReference; lastKnownFileType = sourcecode.c.h; name = Delayline.h; path = ../../Source/Delayline.h; sourceTree = "SOURCE_ROOT"; };
		5BC7696992806BA662D6F210 = {isa = PBXFileReference; lastKnownFileType = text.plist.xml; name = "Info-AUv3_AppExtension.plist"; path = "Info-AUv3_AppExtension.plist"; sourceTree = "SOURCE_ROOT"; };
		61AE060FC76BB2D4B5FEECEC = {isa = PBXFileReference; lastKnownFileType = sourcecode.c.h; name = LogoHexData.h; path = ../../Source/GUI/LogoHexData.h; sourceTree = "SOURCE_ROOT"; };
		629C6E8C5EDF6C56846C8B46 = {isa = PBXFileReference; lastKnownFileType = sourcecode.cpp.objcpp; name = "include_juce_audio_processors.mm"; path = "../../JuceLibraryCode/include_juce_audio_processors.mm"; sourceTree = "SOURCE_ROOT"; };
		6BD98C59AEBB0148B90A57F3 = {isa = PBXFileReference; lastKnownFileType = sourcecode.cpp.cpp; name = FilterKernel.cpp; path = ../../Source/FilterKernel.cpp; sourceTree = "SOURCE_ROOT"; };
		6C6BDDBC6CB513842BC1FD95 = {isa = PBXFileReference; lastKnownFileType = sourcecode.c.h; name = PluginProcessor.h; path = ../../Source/PluginProcessor.h; sourceTree = "SOURCE_ROOT"; };
		714E7BA62418D76FD09CA68B = {isa = PBXFileReference; lastKnownFileType = wrapper.framework; name = CoreText.framework; path = System/Library/Frameworks/CoreText.framework; sourceTree = SDKROOT; };
		71BEBB2838A672CC96FFF7AC = {isa = PBXFileReference; lastKnownFileType = folder.assetcatalog; name = Images.xcassets; path = SofaPan/Images.xcassets; sourceTree = "SOURCE_ROOT"; };
		77265240655B7583C4BABF0F = {isa = PBXFileReference; lastKnownFileType = wrapper.framework; name = CoreImage.framework; path = System/Library/Frameworks/CoreImage.framework; sourceTree = SDKROOT; };
		7AD6C263323319D8162F9B62 = {isa = PBXFileReference; lastKnownFileType = sourcecode.c.h; name = SoundSource.h; path = ../../Source/SoundSource.h; sourceTree = "SOURCE_ROOT"; };
		7DBFA85EB65778B52DEC0BD5 = {isa = PBXFileReference; lastKnownFileType = file; name = "juce_audio_utils"; path = "../../../../JUCE/modules/juce_audio_utils"; sourceTree = "SOURCE_ROOT"; };
		7FA14098E33DCB33B16044DB = {isa = PBXFileReference; lastKnownFileType = sourcecode.c.h; name = SoundSourceOld.h; path = ../../Source/SoundSourceOld.h; sourceTree = "SOURCE_ROOT"; };
		86E587D588C7E10A44BBC551 = {isa = PBXFileReference; lastKnownFileType = wrapper.framework; name = CoreAudioKit.framework; path = System/Library/Frameworks/CoreAudioKit.framework; sourceTree = SDKROOT; };
		89092F269C02A94FAAB9C605 = {isa = PBXFileReference; lastKnownFileType = sourcecode.cpp.cpp; name = FilterKernelOld.cpp; path = ../../Source/FilterKernelOld.cpp; sourceTree = "SOURCE_ROOT"; };
		8EEDEE38B57DF3C3270EC337 = {isa = PBXFileReference; lastKnownFileType = wrapper.framework; name = Foundation.framework; path = System/Library/Frameworks/Foundation.framework; sourceTree = SDKROOT; };
		C10E1D6AD57A9ACD6CCC2133 = {isa = PBXFileReference; explicitFileType = "wrapper.app-extension"; includeInIndex = 0; path = SofaPan.appex; sourceTree = "BUILT_PRODUCTS_DIR"; };
		8E9BF881E7BDAC596A8B2E15 = {isa = PBXFileReference; explicitFileType = wrapper.application; includeInIndex = 0; path = SofaPan.app; sourceTree = "BUILT_PRODUCTS_DIR"; };
		26C12FF0FEE222CE2D49DB7D = {isa = PBXFileReference; explicitFileType = archive.ar; includeInIndex = 0; path = libSofaPan.a; sourceTree = "BUILT_PRODUCTS_DIR"; };
		7C95045B62D1E57276221A4B = {isa = PBXFileReference; lastKnownFileType = sourcecode.cpp.cpp; name = PluginEditor.cpp; path = ../../Source/PluginEditor.cpp; sourceTree = "SOURCE_ROOT"; };
		8F5666650E1A214F351E9C86 = {isa = PBXFileReference; lastKnownFileType = sourcecode.c.h; name = SofaDataOld.h; path = ../../Source/SofaDataOld.h; sourceTree = "SOURCE_ROOT"; };
		8FC678D2BD55D1033AFD8AE5 = {isa = PBXFileReference; lastKnownFileType = sourcecode.cpp.objcpp; name = "include_juce_data_structures.mm"; path = "../../JuceLibraryCode/include_juce_data_structures.mm"; sourceTree = "SOURCE_ROOT"; };
		91DD0962DC207ADF734D4425 = {isa = PBXFileReference; lastKnownFileType = sourcecode.c.h; name = NFSimToolkit.h; path = ../../Source/NFSimToolkit.h; sourceTree = "SOURCE_ROOT"; };
		95F738433AD41B5CBEEE1CC6 = {isa = PBXFileReference; lastKnownFileType = sourcecode.c.h; name = CombFilter.h; path = ../../Source/CombFilter.h; sourceTree = "SOURCE_ROOT"; };
		97207496F6586AC35FBE1075 = {isa = PBXFileReference; lastKnownFileType = file; name = "juce_audio_plugin_client"; path = "../../../../JUCE/modules/juce_audio_plugin_client"; sourceTree = "SOURCE_ROOT"; };
		99422BB4645CD77451639C54 = {isa = PBXFileReference; lastKnownFileType = file; name = "juce_gui_extra"; path = "../../../../JUCE/modules/juce_gui_extra"; sourceTree = "SOURCE_ROOT"; };
		9C12B422815ADD17BA5FE95C = {isa = PBXFileReference; lastKnownFileType = sourcecode.cpp.cpp; name = SoundSource.cpp; path = ../../Source/SoundSource.cpp; sourceTree = "SOURCE_ROOT"; };
		A2AD0FC66081972EE09CB2F8 = {isa = PBXFileReference; lastKnownFileType = sourcecode.c.h; name = SemistaticReflections.h; path = ../../Source/SemistaticReflections.h; sourceTree = "SOURCE_ROOT"; };
		A7F4C52A71F30864F9616C3F = {isa = PBXFileReference; lastKnownFileType = file; name = "juce_events"; path = "../../../../JUCE/modules/juce_events"; sourceTree = "SOURCE_ROOT"; };
		ADB58F1266B6E61EB3F8DF9D = {isa = PBXFileReference; lastKnownFileType = file; name = "juce_graphics"; path = "../../../../JUCE/modules/juce_graphics"; sourceTree = "SOURCE_ROOT"; };
		B3B8E1F4F83CDD7909E0417D = {isa = PBXFileReference; lastKnownFileType = wrapper.framework; name = Accelerate.framework; path = System/Library/Frameworks/Accelerate.framework; sourceTree = SDKROOT; };
		B9E6917F994442E402346D2A = {isa = PBXFileReference; lastKnownFileType = sourcecode.c.h; name = SpeakerHexData.h; path = ../../Source/GUI/SpeakerHexData.h; sourceTree = "SOURCE_ROOT"; };
		C1D612C82C811B206DD2E6A9 = {isa = PBXFileReference; lastKnownFileType = sourcecode.c.h; name = PlotHRTFComponent.h; path = ../../Source/PlotHRTFComponent.h; sourceTree = "SOURCE_ROOT"; };
		C223F6B14F24A65FA1603F9B = {isa = PBXFileReference; lastKnownFileType = sourcecode.c.h; name = sofaPanLookAndFeel.h; path = ../../Source/GUI/sofaPanLookAndFeel.h; sourceTree = "SOURCE_ROOT"; };
		C375750D47757828AFA3B520 = {isa = PBXFileReference; lastKnownFileType = sourcecode.cpp.objcpp; name = "include_juce_events.mm"; path = "../../JuceLibraryCode/include_juce_events.mm"; sourceTree = "SOURCE_ROOT"; };
		C61DAB355CAA89B7C1C3190F = {isa = PBXFileReference; lastKnownFileType = file; name = "juce_audio_formats"; path = "../../../../JUCE/modules/juce_audio_formats"; sourceTree = "SOURCE_ROOT"; };
		CA9D3EA86F50055204A76B86 = {isa = PBXFileReference; lastKnownFileType = sourcecode.c.h; name = OnePoleLPF.h; path = ../../Source/OnePoleLPF.h; sourceTree = "SOURCE_ROOT"; };
		CB58AA1DC4062F642318D165 = {isa = PBXFileReference; lastKnownFileType = file; name = "juce_core"; path = "../../../../JUCE/modules/juce_core"; sourceTree = "SOURCE_ROOT"; };
		CC025B9485ED8D9B0B2BD249 = {isa = PBXFileReference; lastKnownFileType = wrapper.framework; name = CoreAudio.framework; path = System/Library/Frameworks/CoreAudio.framework; sourceTree = SDKROOT; };
		CE4F517A424E3ECAFF601F3E = {isa = PBXFileReference; lastKnownFileType = sourcecode.c.h; name = FilterKernelOld.h; path = ../../Source/FilterKernelOld.h; sourceTree = "SOURCE_ROOT"; };
		CF61CEB2EBF0BB25F946D9BB = {isa = PBXFileReference; lastKnownFileType = sourcecode.c.h; name = DelayingAllpass.h; path = ../../Source/DelayingAllpass.h; sourceTree = "SOURCE_ROOT"; };
		D01EF3CA875E223AEAC0AC4E = {isa = PBXFileReference; lastKnownFileType = file; name = "juce_audio_basics"; path = "../../../../JUCE/modules/juce_audio_basics"; sourceTree = "SOURCE_ROOT"; };
		D0510A6762A32875BCC56427 = {isa = PBXFileReference; lastKnownFileType = sourcecode.cpp.objcpp; name = "include_juce_audio_plugin_client_VST_utils.mm"; path = "../../JuceLibraryCode/include_juce_audio_plugin_client_VST_utils.mm"; sourceTree = "SOURCE_ROOT"; };
		DC053F80923F618C1C307396 = {isa = PBXFileReference; lastKnownFileType = sourcecode.cpp.objcpp; name = "include_juce_gui_basics.mm"; path = "../../JuceLibraryCode/include_juce_gui_basics.mm"; sourceTree = "SOURCE_ROOT"; };
		DE062C118B1242FC43C94C6B = {isa = PBXFileReference; lastKnownFileType = file; name = "juce_audio_processors"; path = "../../../../JUCE/modules/juce_audio_processors"; sourceTree = "SOURCE_ROOT"; };
		DFC81A50CB3F5070069F80C2 = {isa = PBXFileReference; lastKnownFileType = sourcecode.c.h; name = RoomPannerComponent.h; path = ../../Source/RoomPannerComponent.h; sourceTree = "SOURCE_ROOT"; };
		E0DF3ADBC531B558B178017C = {isa = PBXFileReference; lastKnownFileType = sourcecode.cpp.cpp; name = SofaDataOld.cpp; path = ../../Source/SofaDataOld.cpp; sourceTree = "SOURCE_ROOT"; };
		E17EDD72589016FA90273110 = {isa = PBXFileReference; lastKnownFileType = sourcecode.c.h; name = HeadRearHexData.h; path = ../../Source/GUI/HeadRearHexData.h; sourceTree = "SOURCE_ROOT"; };
		E32A7A7CB5F576853E35A154 = {isa = PBXFileReference; lastKnownFileType = sourcecode.cpp.objcpp; name = "include_juce_audio_plugin_client_AUv3.mm"; path = "../../JuceLibraryCode/include_juce_audio_plugin_client_AUv3.mm"; sourceTree = "SOURCE_ROOT"; };
		ED0D2A47E8FCC2450C8CEFD4 = {isa = PBXFileReference; lastKnownFileType = wrapper.framework; name = CoreMIDI.framework; path = System/Library/Frameworks/CoreMIDI.framework; sourceTree = SDKROOT; };
		ED2AC61D52195733EA4D4A7F = {isa = PBXFileReference; lastKnownFileType = sourcecode.c.h; name = Reverberator.h; path = ../../Source/Reverberator.h; sourceTree = "SOURCE_ROOT"; };
		EF19519F7DEE3E05B934F9A5 = {isa = PBXFileReference; lastKnownFileType = sourcecode.c.h; name = JuceHeader.h; path = ../../JuceLibraryCode/JuceHeader.h; sourceTree = "SOURCE_ROOT"; };
		F01BED462639B07C39A5FF47 = {isa = PBXFileReference; lastKnownFileType = sourcecode.c.h; name = ErrorHandling.h; path = ../../Source/ErrorHandling.h; sourceTree = "SOURCE_ROOT"; };
		F01EA2442865D036AABBBA5F = {isa = PBXFileReference; lastKnownFileType = file; name = "juce_data_structures"; path = "../../../../JUCE/modules/juce_data_structures"; sourceTree = "SOURCE_ROOT"; };
		F25796E464FDAB9FEC484DEB = {isa = PBXFileReference; lastKnownFileType = sourcecode.c.h; name = ITDToolkit.h; path = ../../Source/ITDToolkit.h; sourceTree = "SOURCE_ROOT"; };
		F26C5DA7E0300EE07C67F533 = {isa = PBXFileReference; lastKnownFileType = sourcecode.cpp.objcpp; name = "include_juce_audio_formats.mm"; path = "../../JuceLibraryCode/include_juce_audio_formats.mm"; sourceTree = "SOURCE_ROOT"; };
		F355AD281E9C36FB8C3C92DF = {isa = PBXFileReference; lastKnownFileType = sourcecode.cpp.objcpp; name = "include_juce_core.mm"; path = "../../JuceLibraryCode/include_juce_core.mm"; sourceTree = "SOURCE_ROOT"; };
		FB796BF702360FFC082AD735 = {isa = PBXFileReference; lastKnownFileType = sourcecode.c.h; name = AppConfig.h; path = ../../JuceLibraryCode/AppConfig.h; sourceTree = "SOURCE_ROOT"; };
		FD76C3E6919A1339668299E0 = {isa = PBXFileReference; lastKnownFileType = sourcecode.c.h; name = azimuthSliderLookAndFeel.h; path = ../../Source/GUI/azimuthSliderLookAndFeel.h; sourceTree = "SOURCE_ROOT"; };
		FFC01EE978F1CFA959896617 = {isa = PBXFileReference; lastKnownFileType = sourcecode.cpp.cpp; name = PluginProcessor.cpp; path = ../../Source/PluginProcessor.cpp; sourceTree = "SOURCE_ROOT"; };
		EDEBF1FEB6EB30B8FF0FF81E = {isa = PBXGroup; children = (
					1B6AC4F59A7CB13B7F066CDA,
					91DD0962DC207ADF734D4425,
					F25796E464FDAB9FEC484DEB,
					52AB5B0C472D6287D276887A,
					F01BED462639B07C39A5FF47, ); name = Helpers; sourceTree = "<group>"; };
		FF2AF710ACEF263B8FF97ADC = {isa = PBXGroup; children = (
					E0DF3ADBC531B558B178017C,
					8F5666650E1A214F351E9C86,
					39C501E5953C86955B2E1D9A,
					2EAD75875DFB0FC40798F802,
					06EE7A64431F908CD89A371F, ); name = "SOFA Data"; sourceTree = "<group>"; };
		1B861888C9113AE4A32E5187 = {isa = PBXGroup; children = (
					89092F269C02A94FAAB9C605,
					CE4F517A424E3ECAFF601F3E,
					092DBB3135E244199CC001AE,
					7FA14098E33DCB33B16044DB,
					7AD6C263323319D8162F9B62,
					9C12B422815ADD17BA5FE95C,
					31EC63A68264015BC9712408,
					6BD98C59AEBB0148B90A57F3,
					4E3E84108BA8951B06C62BBD,
					A2AD0FC66081972EE09CB2F8,
					368737A36910970C98FBF444,
					2ECF5FE33F35E163109F458E,
					95F738433AD41B5CBEEE1CC6,
					ED2AC61D52195733EA4D4A7F,
					CF61CEB2EBF0BB25F946D9BB,
					56A44B8B0100BD670C45EFAB,
					CA9D3EA86F50055204A76B86, ); name = "Signal Processing"; sourceTree = "<group>"; };
		0A8E5360990F6AF66E6F9677 = {isa = PBXGroup; children = (
					544488531003A41B2E378755,
					C1D612C82C811B206DD2E6A9,
					333DA34C86DB27237B10B542,
					DFC81A50CB3F5070069F80C2, ); name = Components; sourceTree = "<group>"; };
		E288659021FF9587FD166A06 = {isa = PBXGroup; children = (
					FD76C3E6919A1339668299E0,
					C223F6B14F24A65FA1603F9B,
					455001AB6C4A1849870C8D97,
					2460859F7532380971A05106,
					208FBB4D9C763C3AD35CAD61,
					E17EDD72589016FA90273110,
					61AE060FC76BB2D4B5FEECEC,
					B9E6917F994442E402346D2A, ); name = GUI; sourceTree = "<group>"; };
		FB82E0475378CC8D5713CDA4 = {isa = PBXGroup; children = (
					EDEBF1FEB6EB30B8FF0FF81E,
					FF2AF710ACEF263B8FF97ADC,
					1B861888C9113AE4A32E5187,
					0A8E5360990F6AF66E6F9677,
					E288659021FF9587FD166A06,
					FFC01EE978F1CFA959896617,
					6C6BDDBC6CB513842BC1FD95,
					7C95045B62D1E57276221A4B,
					166A1DD92F5FBFCF4E6D015A, ); name = Source; sourceTree = "<group>"; };
		2A3A6E41B5E4231EF60CF018 = {isa = PBXGroup; children = (
					FB82E0475378CC8D5713CDA4, ); name = SofaPan; sourceTree = "<group>"; };
		022684D585577B0499A3B204 = {isa = PBXGroup; children = (
					D01EF3CA875E223AEAC0AC4E,
					31F69D7D4BB38F7E82B7FEBC,
					C61DAB355CAA89B7C1C3190F,
					97207496F6586AC35FBE1075,
					DE062C118B1242FC43C94C6B,
					7DBFA85EB65778B52DEC0BD5,
					CB58AA1DC4062F642318D165,
					F01EA2442865D036AABBBA5F,
					07FE70B077A14C72B95B393B,
					A7F4C52A71F30864F9616C3F,
					ADB58F1266B6E61EB3F8DF9D,
					287202DCD13E185E66A482BC,
					99422BB4645CD77451639C54, ); name = "Juce Modules"; sourceTree = "<group>"; };
		4D51CBD007D6258279F2D4A0 = {isa = PBXGroup; children = (
					FB796BF702360FFC082AD735,
					46B2DB9CF97D5C2F3E9AF38A,
					0C646B71382F4A718DC74175,
					F26C5DA7E0300EE07C67F533,
					E32A7A7CB5F576853E35A154,
					00A4CE69D1434D089F2361D4,
					0302CA0D50AA0EF4FC4D0643,
					D0510A6762A32875BCC56427,
					629C6E8C5EDF6C56846C8B46,
					346E97F2F68BEA88FB3E7CD5,
					F355AD281E9C36FB8C3C92DF,
					8FC678D2BD55D1033AFD8AE5,
					3B4BC45F6161CFE820DAF61A,
					C375750D47757828AFA3B520,
					22540A6BB07A7EEF7AE529C0,
					DC053F80923F618C1C307396,
					0C01E0DBBA4AA7ACABE4345F,
					EF19519F7DEE3E05B934F9A5, ); name = "Juce Library Code"; sourceTree = "<group>"; };
		75598C7D5A6D28E7FB02D6E3 = {isa = PBXGroup; children = (
					5BC7696992806BA662D6F210,
					0543ABE61BEA9262B0B68B98,
					71BEBB2838A672CC96FFF7AC, ); name = Resources; sourceTree = "<group>"; };
		FC44428CC7F0B19CEB81598D = {isa = PBXGroup; children = (
					B3B8E1F4F83CDD7909E0417D,
					12F1D6F2C337F49194A67372,
					044302ECE12881EC6A18AF6E,
					CC025B9485ED8D9B0B2BD249,
					86E587D588C7E10A44BBC551,
					2C3C8961BEBFC9B630AFD8AE,
					77265240655B7583C4BABF0F,
					ED0D2A47E8FCC2450C8CEFD4,
					714E7BA62418D76FD09CA68B,
					8EEDEE38B57DF3C3270EC337,
					2B9AE522183D6D531D11B3D8,
					4157A5F67B90A3CEFFBCB63F, ); name = Frameworks; sourceTree = "<group>"; };
		440D837D992726E30E3932E8 = {isa = PBXGroup; children = (
					C10E1D6AD57A9ACD6CCC2133,
					8E9BF881E7BDAC596A8B2E15,
					26C12FF0FEE222CE2D49DB7D, ); name = Products; sourceTree = "<group>"; };
		F69B6AF1267FE7A52443F3F7 = {isa = PBXGroup; children = (
					2A3A6E41B5E4231EF60CF018,
					022684D585577B0499A3B204,
					4D51CBD007D6258279F2D4A0,
					75598C7D5A6D28E7FB02D6E3,
					FC44428CC7F0B19CEB81598D,
					440D837D992726E30E3932E8, ); name = Source; sourceTree = "<group>"; };
		0E7E7FD69B98B85279F45893 = {isa = XCBuildConfiguration; buildSettings = {
				ASSETCATALOG_COMPILER_APPICON_NAME = AppIcon;
				ASSETCATALOG_COMPILER_LAUNCHIMAGE_NAME = LaunchImage;
				CLANG_CXX_LANGUAGE_STANDARD = "gnu++14";
				CLANG_LINK_OBJC_RUNTIME = NO;
				COMBINE_HIDPI_IMAGES = YES;
				CONFIGURATION_BUILD_DIR = "$(PROJECT_DIR)/build/$(CONFIGURATION)";
				COPY_PHASE_STRIP = NO;
				GCC_DYNAMIC_NO_PIC = NO;
				GCC_OPTIMIZATION_LEVEL = 0;
				GCC_PREPROCESSOR_DEFINITIONS = (
					"_DEBUG=1",
					"DEBUG=1",
					"JUCER_XCODE_IPHONE_5BC26AE3=1",
					"JUCE_APP_VERSION=1.0.0",
					"JUCE_APP_VERSION_HEX=0x10000",
					"JucePlugin_Build_VST=0",
					"JucePlugin_Build_VST3=0",
					"JucePlugin_Build_AU=0",
					"JucePlugin_Build_AUv3=0",
					"JucePlugin_Build_RTAS=0",
					"JucePlugin_Build_AAX=0",
					"JucePlugin_Build_Standalone=0", );
				GCC_VERSION = com.apple.compilers.llvm.clang.1_0;
				HEADER_SEARCH_PATHS = ("../../JuceLibraryCode", "../../../../JUCE/modules", "../../../Dependencies/FFTW3/Mac", "../../../Dependencies/netCDF4/mac/include/", "../../../../JUCE/modules/juce_audio_plugin_client", "$(inherited)");
				LIBRARY_SEARCH_PATHS = ("$(inherited)", "\"../../../Dependencies/FFTW3/Mac\"", "\"../../../Dependencies/netCDF4/mac/lib/\"");
				OTHER_LDFLAGS = "-lSofaPan -lfftw3f -lnetcdf";
				PRODUCT_BUNDLE_IDENTIFIER = com.yourcompany.SofaPan;
				USE_HEADERMAP = NO; }; name = Debug; };
		FB1B96885970A4AB33327A54 = {isa = XCBuildConfiguration; buildSettings = {
				ASSETCATALOG_COMPILER_APPICON_NAME = AppIcon;
				ASSETCATALOG_COMPILER_LAUNCHIMAGE_NAME = LaunchImage;
				CLANG_CXX_LANGUAGE_STANDARD = "gnu++14";
				CLANG_LINK_OBJC_RUNTIME = NO;
				COMBINE_HIDPI_IMAGES = YES;
				CONFIGURATION_BUILD_DIR = "$(PROJECT_DIR)/build/$(CONFIGURATION)";
				DEAD_CODE_STRIPPING = YES;
				GCC_GENERATE_DEBUGGING_SYMBOLS = NO;
				GCC_OPTIMIZATION_LEVEL = 3;
				GCC_PREPROCESSOR_DEFINITIONS = (
					"_NDEBUG=1",
					"NDEBUG=1",
					"JUCER_XCODE_IPHONE_5BC26AE3=1",
					"JUCE_APP_VERSION=1.0.0",
					"JUCE_APP_VERSION_HEX=0x10000",
					"JucePlugin_Build_VST=0",
					"JucePlugin_Build_VST3=0",
					"JucePlugin_Build_AU=0",
					"JucePlugin_Build_AUv3=0",
					"JucePlugin_Build_RTAS=0",
					"JucePlugin_Build_AAX=0",
					"JucePlugin_Build_Standalone=0", );
				GCC_SYMBOLS_PRIVATE_EXTERN = YES;
				GCC_VERSION = com.apple.compilers.llvm.clang.1_0;
				HEADER_SEARCH_PATHS = ("../../JuceLibraryCode", "../../../../JUCE/modules", "../../../Dependencies/FFTW3/Mac", "../../../Dependencies/netCDF4/mac/include/", "../../../../JUCE/modules/juce_audio_plugin_client", "$(inherited)");
				LIBRARY_SEARCH_PATHS = ("$(inherited)", "\"../../../Dependencies/FFTW3/Mac\"", "\"../../../Dependencies/netCDF4/mac/lib/\"");
				OTHER_LDFLAGS = "-lSofaPan -lfftw3f -lnetcdf";
				PRODUCT_BUNDLE_IDENTIFIER = com.yourcompany.SofaPan;
				USE_HEADERMAP = NO; }; name = Release; };
		CBA821FD27B71DD76060B07F = {isa = XCBuildConfiguration; buildSettings = {
				ASSETCATALOG_COMPILER_APPICON_NAME = AppIcon;
				ASSETCATALOG_COMPILER_LAUNCHIMAGE_NAME = LaunchImage;
				CLANG_CXX_LANGUAGE_STANDARD = "gnu++14";
				CLANG_LINK_OBJC_RUNTIME = NO;
				COMBINE_HIDPI_IMAGES = YES;
				CONFIGURATION_BUILD_DIR = "$(PROJECT_DIR)/build/$(CONFIGURATION)";
				COPY_PHASE_STRIP = NO;
				GCC_DYNAMIC_NO_PIC = NO;
				GCC_OPTIMIZATION_LEVEL = 0;
				GCC_PREPROCESSOR_DEFINITIONS = (
					"_DEBUG=1",
					"DEBUG=1",
					"JUCER_XCODE_IPHONE_5BC26AE3=1",
					"JUCE_APP_VERSION=1.0.0",
					"JUCE_APP_VERSION_HEX=0x10000",
					"JucePlugin_Build_VST=0",
					"JucePlugin_Build_VST3=0",
					"JucePlugin_Build_AU=0",
					"JucePlugin_Build_AUv3=1",
					"JucePlugin_Build_RTAS=0",
					"JucePlugin_Build_AAX=0",
					"JucePlugin_Build_Standalone=0", );
				GCC_VERSION = com.apple.compilers.llvm.clang.1_0;
				HEADER_SEARCH_PATHS = ("../../JuceLibraryCode", "../../../../JUCE/modules", "../../../Dependencies/FFTW3/Mac", "../../../Dependencies/netCDF4/mac/include/", "../../../../JUCE/modules/juce_audio_plugin_client", "$(inherited)");
				INFOPLIST_FILE = Info-AUv3_AppExtension.plist;
				INFOPLIST_PREPROCESS = NO;
				LIBRARY_SEARCH_PATHS = ("$(inherited)", "\"../../../Dependencies/FFTW3/Mac\"", "\"../../../Dependencies/netCDF4/mac/lib/\"");
				OTHER_LDFLAGS = "-lSofaPan -lfftw3f -lnetcdf";
				PRODUCT_BUNDLE_IDENTIFIER = com.yourcompany.SofaPan.SofaPanAUv3;
				USE_HEADERMAP = NO; }; name = Debug; };
		E233163E9E3615E78B977437 = {isa = XCBuildConfiguration; buildSettings = {
				ASSETCATALOG_COMPILER_APPICON_NAME = AppIcon;
				ASSETCATALOG_COMPILER_LAUNCHIMAGE_NAME = LaunchImage;
				CLANG_CXX_LANGUAGE_STANDARD = "gnu++14";
				CLANG_LINK_OBJC_RUNTIME = NO;
				COMBINE_HIDPI_IMAGES = YES;
				CONFIGURATION_BUILD_DIR = "$(PROJECT_DIR)/build/$(CONFIGURATION)";
				DEAD_CODE_STRIPPING = YES;
				GCC_GENERATE_DEBUGGING_SYMBOLS = NO;
				GCC_OPTIMIZATION_LEVEL = 3;
				GCC_PREPROCESSOR_DEFINITIONS = (
					"_NDEBUG=1",
					"NDEBUG=1",
					"JUCER_XCODE_IPHONE_5BC26AE3=1",
					"JUCE_APP_VERSION=1.0.0",
					"JUCE_APP_VERSION_HEX=0x10000",
					"JucePlugin_Build_VST=0",
					"JucePlugin_Build_VST3=0",
					"JucePlugin_Build_AU=0",
					"JucePlugin_Build_AUv3=1",
					"JucePlugin_Build_RTAS=0",
					"JucePlugin_Build_AAX=0",
					"JucePlugin_Build_Standalone=0", );
				GCC_SYMBOLS_PRIVATE_EXTERN = YES;
				GCC_VERSION = com.apple.compilers.llvm.clang.1_0;
				HEADER_SEARCH_PATHS = ("../../JuceLibraryCode", "../../../../JUCE/modules", "../../../Dependencies/FFTW3/Mac", "../../../Dependencies/netCDF4/mac/include/", "../../../../JUCE/modules/juce_audio_plugin_client", "$(inherited)");
				INFOPLIST_FILE = Info-AUv3_AppExtension.plist;
				INFOPLIST_PREPROCESS = NO;
				LIBRARY_SEARCH_PATHS = ("$(inherited)", "\"../../../Dependencies/FFTW3/Mac\"", "\"../../../Dependencies/netCDF4/mac/lib/\"");
				OTHER_LDFLAGS = "-lSofaPan -lfftw3f -lnetcdf";
				PRODUCT_BUNDLE_IDENTIFIER = com.yourcompany.SofaPan.SofaPanAUv3;
				USE_HEADERMAP = NO; }; name = Release; };
		E7BC75867B629D57106C2D54 = {isa = XCBuildConfiguration; buildSettings = {
				ASSETCATALOG_COMPILER_APPICON_NAME = AppIcon;
				ASSETCATALOG_COMPILER_LAUNCHIMAGE_NAME = LaunchImage;
				CLANG_CXX_LANGUAGE_STANDARD = "gnu++14";
				CLANG_LINK_OBJC_RUNTIME = NO;
				COMBINE_HIDPI_IMAGES = YES;
				CONFIGURATION_BUILD_DIR = "$(PROJECT_DIR)/build/$(CONFIGURATION)";
				COPY_PHASE_STRIP = NO;
				GCC_DYNAMIC_NO_PIC = NO;
				GCC_OPTIMIZATION_LEVEL = 0;
				GCC_PREPROCESSOR_DEFINITIONS = (
					"_DEBUG=1",
					"DEBUG=1",
					"JUCER_XCODE_IPHONE_5BC26AE3=1",
					"JUCE_APP_VERSION=1.0.0",
					"JUCE_APP_VERSION_HEX=0x10000",
					"JucePlugin_Build_VST=0",
					"JucePlugin_Build_VST3=0",
					"JucePlugin_Build_AU=0",
					"JucePlugin_Build_AUv3=0",
					"JucePlugin_Build_RTAS=0",
					"JucePlugin_Build_AAX=0",
					"JucePlugin_Build_Standalone=1", );
				GCC_VERSION = com.apple.compilers.llvm.clang.1_0;
				HEADER_SEARCH_PATHS = ("../../JuceLibraryCode", "../../../../JUCE/modules", "../../../Dependencies/FFTW3/Mac", "../../../Dependencies/netCDF4/mac/include/", "../../../../JUCE/modules/juce_audio_plugin_client", "$(inherited)");
				INFOPLIST_FILE = Info-Standalone_Plugin.plist;
				INFOPLIST_PREPROCESS = NO;
				LIBRARY_SEARCH_PATHS = ("$(inherited)", "\"../../../Dependencies/FFTW3/Mac\"", "\"../../../Dependencies/netCDF4/mac/lib/\"");
				OTHER_LDFLAGS = "-lSofaPan -lfftw3f -lnetcdf";
				PRODUCT_BUNDLE_IDENTIFIER = com.yourcompany.SofaPan;
				USE_HEADERMAP = NO; }; name = Debug; };
		929FF24CE3DFD70B651C084A = {isa = XCBuildConfiguration; buildSettings = {
				ASSETCATALOG_COMPILER_APPICON_NAME = AppIcon;
				ASSETCATALOG_COMPILER_LAUNCHIMAGE_NAME = LaunchImage;
				CLANG_CXX_LANGUAGE_STANDARD = "gnu++14";
				CLANG_LINK_OBJC_RUNTIME = NO;
				COMBINE_HIDPI_IMAGES = YES;
				CONFIGURATION_BUILD_DIR = "$(PROJECT_DIR)/build/$(CONFIGURATION)";
				DEAD_CODE_STRIPPING = YES;
				GCC_GENERATE_DEBUGGING_SYMBOLS = NO;
				GCC_OPTIMIZATION_LEVEL = 3;
				GCC_PREPROCESSOR_DEFINITIONS = (
					"_NDEBUG=1",
					"NDEBUG=1",
					"JUCER_XCODE_IPHONE_5BC26AE3=1",
					"JUCE_APP_VERSION=1.0.0",
					"JUCE_APP_VERSION_HEX=0x10000",
					"JucePlugin_Build_VST=0",
					"JucePlugin_Build_VST3=0",
					"JucePlugin_Build_AU=0",
					"JucePlugin_Build_AUv3=0",
					"JucePlugin_Build_RTAS=0",
					"JucePlugin_Build_AAX=0",
					"JucePlugin_Build_Standalone=1", );
				GCC_SYMBOLS_PRIVATE_EXTERN = YES;
				GCC_VERSION = com.apple.compilers.llvm.clang.1_0;
				HEADER_SEARCH_PATHS = ("../../JuceLibraryCode", "../../../../JUCE/modules", "../../../Dependencies/FFTW3/Mac", "../../../Dependencies/netCDF4/mac/include/", "../../../../JUCE/modules/juce_audio_plugin_client", "$(inherited)");
				INFOPLIST_FILE = Info-Standalone_Plugin.plist;
				INFOPLIST_PREPROCESS = NO;
				LIBRARY_SEARCH_PATHS = ("$(inherited)", "\"../../../Dependencies/FFTW3/Mac\"", "\"../../../Dependencies/netCDF4/mac/lib/\"");
				OTHER_LDFLAGS = "-lSofaPan -lfftw3f -lnetcdf";
				PRODUCT_BUNDLE_IDENTIFIER = com.yourcompany.SofaPan;
				USE_HEADERMAP = NO; }; name = Release; };
		008BA02722F257348CD1853F = {isa = XCBuildConfiguration; buildSettings = {
				ASSETCATALOG_COMPILER_APPICON_NAME = AppIcon;
				ASSETCATALOG_COMPILER_LAUNCHIMAGE_NAME = LaunchImage;
				CLANG_CXX_LANGUAGE_STANDARD = "gnu++14";
				CLANG_LINK_OBJC_RUNTIME = NO;
				COMBINE_HIDPI_IMAGES = YES;
				CONFIGURATION_BUILD_DIR = "$(PROJECT_DIR)/build/$(CONFIGURATION)";
				COPY_PHASE_STRIP = NO;
				GCC_DYNAMIC_NO_PIC = NO;
				GCC_OPTIMIZATION_LEVEL = 0;
				GCC_PREPROCESSOR_DEFINITIONS = (
					"_DEBUG=1",
					"DEBUG=1",
					"JUCER_XCODE_IPHONE_5BC26AE3=1",
					"JUCE_APP_VERSION=1.0.0",
					"JUCE_APP_VERSION_HEX=0x10000",
					"JucePlugin_Build_VST=0",
					"JucePlugin_Build_VST3=0",
					"JucePlugin_Build_AU=0",
					"JucePlugin_Build_AUv3=1",
					"JucePlugin_Build_RTAS=0",
					"JucePlugin_Build_AAX=0",
					"JucePlugin_Build_Standalone=1",
					"JUCE_SHARED_CODE=1", );
				GCC_VERSION = com.apple.compilers.llvm.clang.1_0;
				HEADER_SEARCH_PATHS = ("../../JuceLibraryCode", "../../../../JUCE/modules", "../../../Dependencies/FFTW3/Mac", "../../../Dependencies/netCDF4/mac/include/", "../../../../JUCE/modules/juce_audio_plugin_client", "$(inherited)");
				INSTALL_PATH = "@executable_path/Frameworks";
				LIBRARY_SEARCH_PATHS = ("$(inherited)", "\"../../../Dependencies/FFTW3/Mac\"", "\"../../../Dependencies/netCDF4/mac/lib/\"");
				OTHER_LDFLAGS = "-lfftw3f -lnetcdf";
				PRODUCT_BUNDLE_IDENTIFIER = com.yourcompany.SofaPan;
				USE_HEADERMAP = NO; }; name = Debug; };
		52B3444D9E473D28B098CE83 = {isa = XCBuildConfiguration; buildSettings = {
				ASSETCATALOG_COMPILER_APPICON_NAME = AppIcon;
				ASSETCATALOG_COMPILER_LAUNCHIMAGE_NAME = LaunchImage;
				CLANG_CXX_LANGUAGE_STANDARD = "gnu++14";
				CLANG_LINK_OBJC_RUNTIME = NO;
				COMBINE_HIDPI_IMAGES = YES;
				CONFIGURATION_BUILD_DIR = "$(PROJECT_DIR)/build/$(CONFIGURATION)";
				DEAD_CODE_STRIPPING = YES;
				GCC_GENERATE_DEBUGGING_SYMBOLS = NO;
				GCC_OPTIMIZATION_LEVEL = 3;
				GCC_PREPROCESSOR_DEFINITIONS = (
					"_NDEBUG=1",
					"NDEBUG=1",
					"JUCER_XCODE_IPHONE_5BC26AE3=1",
					"JUCE_APP_VERSION=1.0.0",
					"JUCE_APP_VERSION_HEX=0x10000",
					"JucePlugin_Build_VST=0",
					"JucePlugin_Build_VST3=0",
					"JucePlugin_Build_AU=0",
					"JucePlugin_Build_AUv3=1",
					"JucePlugin_Build_RTAS=0",
					"JucePlugin_Build_AAX=0",
					"JucePlugin_Build_Standalone=1",
					"JUCE_SHARED_CODE=1", );
				GCC_SYMBOLS_PRIVATE_EXTERN = YES;
				GCC_VERSION = com.apple.compilers.llvm.clang.1_0;
				HEADER_SEARCH_PATHS = ("../../JuceLibraryCode", "../../../../JUCE/modules", "../../../Dependencies/FFTW3/Mac", "../../../Dependencies/netCDF4/mac/include/", "../../../../JUCE/modules/juce_audio_plugin_client", "$(inherited)");
				INSTALL_PATH = "@executable_path/Frameworks";
				LIBRARY_SEARCH_PATHS = ("$(inherited)", "\"../../../Dependencies/FFTW3/Mac\"", "\"../../../Dependencies/netCDF4/mac/lib/\"");
				OTHER_LDFLAGS = "-lfftw3f -lnetcdf";
				PRODUCT_BUNDLE_IDENTIFIER = com.yourcompany.SofaPan;
				USE_HEADERMAP = NO; }; name = Release; };
		124512482F94168B23BF2EC6 = {isa = XCBuildConfiguration; buildSettings = {
				"CODE_SIGN_IDENTITY[sdk=iphoneos*]" = "iPhone Developer";
				ALWAYS_SEARCH_USER_PATHS = NO;
				CLANG_WARN_BLOCK_CAPTURE_AUTORELEASING = YES;
				CLANG_WARN_BOOL_CONVERSION = YES;
				CLANG_WARN_COMMA = YES;
				CLANG_WARN_CONSTANT_CONVERSION = YES;
				CLANG_WARN_EMPTY_BODY = YES;
				CLANG_WARN_ENUM_CONVERSION = YES;
				CLANG_WARN_INFINITE_RECURSION = YES;
				CLANG_WARN_INT_CONVERSION = YES;
				CLANG_WARN_NON_LITERAL_NULL_CONVERSION = YES;
				CLANG_WARN_OBJC_LITERAL_CONVERSION = YES;
				CLANG_WARN_RANGE_LOOP_ANALYSIS = YES;
				CLANG_WARN_STRICT_PROTOTYPES = YES;
				CLANG_WARN_SUSPICIOUS_MOVE = YES;
				CLANG_WARN_UNREACHABLE_CODE = YES;
				CLANG_WARN__DUPLICATE_METHOD_MATCH = YES;
				DEBUG_INFORMATION_FORMAT = "dwarf";
				ENABLE_STRICT_OBJC_MSGSEND = YES;
				ENABLE_TESTABILITY = YES;
				GCC_C_LANGUAGE_STANDARD = c11;
				GCC_INLINES_ARE_PRIVATE_EXTERN = YES;
				GCC_MODEL_TUNING = G5;
				GCC_NO_COMMON_BLOCKS = YES;
				GCC_WARN_64_TO_32_BIT_CONVERSION = YES;
				GCC_WARN_ABOUT_RETURN_TYPE = YES;
				GCC_WARN_CHECK_SWITCH_STATEMENTS = YES;
				GCC_WARN_MISSING_PARENTHESES = YES;
				GCC_WARN_NON_VIRTUAL_DESTRUCTOR = YES;
				GCC_WARN_TYPECHECK_CALLS_TO_PRINTF = YES;
				GCC_WARN_UNDECLARED_SELECTOR = YES;
				GCC_WARN_UNINITIALIZED_AUTOS = YES;
				GCC_WARN_UNUSED_FUNCTION = YES;
				GCC_WARN_UNUSED_VARIABLE = YES;
				IPHONEOS_DEPLOYMENT_TARGET = 9.3;
				ONLY_ACTIVE_ARCH = YES;
				PRODUCT_NAME = "SofaPan";
				SDKROOT = iphoneos;
				TARGETED_DEVICE_FAMILY = "1,2";
				WARNING_CFLAGS = -Wreorder;
				ZERO_LINK = NO; }; name = Debug; };
		E357F18F542E8B9D934F08C2 = {isa = XCBuildConfiguration; buildSettings = {
				"CODE_SIGN_IDENTITY[sdk=iphoneos*]" = "iPhone Developer";
				ALWAYS_SEARCH_USER_PATHS = NO;
				CLANG_WARN_BLOCK_CAPTURE_AUTORELEASING = YES;
				CLANG_WARN_BOOL_CONVERSION = YES;
				CLANG_WARN_COMMA = YES;
				CLANG_WARN_CONSTANT_CONVERSION = YES;
				CLANG_WARN_EMPTY_BODY = YES;
				CLANG_WARN_ENUM_CONVERSION = YES;
				CLANG_WARN_INFINITE_RECURSION = YES;
				CLANG_WARN_INT_CONVERSION = YES;
				CLANG_WARN_NON_LITERAL_NULL_CONVERSION = YES;
				CLANG_WARN_OBJC_LITERAL_CONVERSION = YES;
				CLANG_WARN_RANGE_LOOP_ANALYSIS = YES;
				CLANG_WARN_STRICT_PROTOTYPES = YES;
				CLANG_WARN_SUSPICIOUS_MOVE = YES;
				CLANG_WARN_UNREACHABLE_CODE = YES;
				CLANG_WARN__DUPLICATE_METHOD_MATCH = YES;
				DEBUG_INFORMATION_FORMAT = "dwarf";
				ENABLE_STRICT_OBJC_MSGSEND = YES;
				GCC_C_LANGUAGE_STANDARD = c11;
				GCC_INLINES_ARE_PRIVATE_EXTERN = YES;
				GCC_MODEL_TUNING = G5;
				GCC_NO_COMMON_BLOCKS = YES;
				GCC_WARN_64_TO_32_BIT_CONVERSION = YES;
				GCC_WARN_ABOUT_RETURN_TYPE = YES;
				GCC_WARN_CHECK_SWITCH_STATEMENTS = YES;
				GCC_WARN_MISSING_PARENTHESES = YES;
				GCC_WARN_NON_VIRTUAL_DESTRUCTOR = YES;
				GCC_WARN_TYPECHECK_CALLS_TO_PRINTF = YES;
				GCC_WARN_UNDECLARED_SELECTOR = YES;
				GCC_WARN_UNINITIALIZED_AUTOS = YES;
				GCC_WARN_UNUSED_FUNCTION = YES;
				GCC_WARN_UNUSED_VARIABLE = YES;
				IPHONEOS_DEPLOYMENT_TARGET = 9.3;
				PRODUCT_NAME = "SofaPan";
				SDKROOT = iphoneos;
				TARGETED_DEVICE_FAMILY = "1,2";
				WARNING_CFLAGS = -Wreorder;
				ZERO_LINK = NO; }; name = Release; };
		80FC142B2681F573F372A8BD = {isa = PBXTargetDependency; target = E4C202288F13C045F5A7A513; };
		076209E714776E55D22E3B27 = {isa = PBXTargetDependency; target = 1DD10B1CA358023824FAE9ED; };
		85C1A4FE858B4526EF6B971B = {isa = PBXTargetDependency; target = F3275D58DA46CF5CE4098AD6; };
		5795FDF67AB0A89D19429BB3 = {isa = XCConfigurationList; buildConfigurations = (
					124512482F94168B23BF2EC6,
					E357F18F542E8B9D934F08C2, ); defaultConfigurationIsVisible = 0; defaultConfigurationName = Debug; };
		3573F8CC6D3F46819BFE69B4 = {isa = XCConfigurationList; buildConfigurations = (
					0E7E7FD69B98B85279F45893,
					FB1B96885970A4AB33327A54, ); defaultConfigurationIsVisible = 0; defaultConfigurationName = Debug; };
		F0700BE19DB13E4A6A07A597 = {isa = PBXAggregateTarget; buildConfigurationList = 3573F8CC6D3F46819BFE69B4; buildPhases = (  ); buildRules = ( ); dependencies = (
					80FC142B2681F573F372A8BD,
					076209E714776E55D22E3B27,
					85C1A4FE858B4526EF6B971B, ); name = "SofaPan - All"; productName = SofaPan; };
		05A28C262B348E285776E181 = {isa = XCConfigurationList; buildConfigurations = (
					CBA821FD27B71DD76060B07F,
					E233163E9E3615E78B977437, ); defaultConfigurationIsVisible = 0; defaultConfigurationName = Debug; };
		0C6B977989FFEDFB6223A78D = {isa = PBXSourcesBuildPhase; buildActionMask = 2147483647; files = (
					9C96652F8A93E0CA1EAF2409, ); runOnlyForDeploymentPostprocessing = 0; };
		9AE44D5CB635D286AFB0A103 = {isa = PBXFrameworksBuildPhase; buildActionMask = 2147483647; files = (
					3D3A7DB70D16FDDC76908F85,
					C3A383D6CEFAF3104CDAE46C,
					F1B34AF03C6C956D25E8E2A1,
					C5C07792E48B45A600BA3E81,
					0B89AD15B98B36CBED41DDA0,
					869DF5DDB5B8909C1CF19C34,
					3A1975E2B95EABDC6EC66B62,
					7AB8B0336A5BE675C0459874,
					88210E42D851CC23D6C23D88,
					7E66CB9DF4C9573D1308DD86,
					8AF78F3D596D59CA19229BC3,
					596D196241429FB4127867EA, ); runOnlyForDeploymentPostprocessing = 0; };
		E4C202288F13C045F5A7A513 = {isa = PBXNativeTarget; buildConfigurationList = 05A28C262B348E285776E181; buildPhases = (
					0C6B977989FFEDFB6223A78D,
					9AE44D5CB635D286AFB0A103, ); buildRules = ( ); dependencies = (
					85C1A4FE858B4526EF6B971B, ); name = "SofaPan - AUv3 AppExtension"; productName = SofaPan; productReference = C10E1D6AD57A9ACD6CCC2133; productType = "com.apple.product-type.app-extension"; };
		870BDB5FBA793B9125A4BA44 = {isa = XCConfigurationList; buildConfigurations = (
					E7BC75867B629D57106C2D54,
					929FF24CE3DFD70B651C084A, ); defaultConfigurationIsVisible = 0; defaultConfigurationName = Debug; };
		3907ADFC7FB465323CF2E133 = {isa = PBXResourcesBuildPhase; buildActionMask = 2147483647; files = (
					029BCC0FA8793DF661194DCE, ); runOnlyForDeploymentPostprocessing = 0; };
		5F479DDCCA910A1B409790F8 = {isa = PBXSourcesBuildPhase; buildActionMask = 2147483647; files = (
					E19A8886C5C28D714A6CA188, ); runOnlyForDeploymentPostprocessing = 0; };
		5B4E7054485C979DC796E6B6 = {isa = PBXFrameworksBuildPhase; buildActionMask = 2147483647; files = (
					3D3A7DB70D16FDDC76908F85,
					C3A383D6CEFAF3104CDAE46C,
					F1B34AF03C6C956D25E8E2A1,
					C5C07792E48B45A600BA3E81,
					0B89AD15B98B36CBED41DDA0,
					869DF5DDB5B8909C1CF19C34,
					3A1975E2B95EABDC6EC66B62,
					7AB8B0336A5BE675C0459874,
					88210E42D851CC23D6C23D88,
					7E66CB9DF4C9573D1308DD86,
					8AF78F3D596D59CA19229BC3,
					596D196241429FB4127867EA, ); runOnlyForDeploymentPostprocessing = 0; };
		DD51C81E0217741913DDA90E = {isa = PBXCopyFilesBuildPhase; buildActionMask = 2147483647; files = (
					E540BCED348C7CE7768DE4D9, ); runOnlyForDeploymentPostprocessing = 0; name = "Embed App Extensions"; dstPath = ""; dstSubfolderSpec = 13; };
		1DD10B1CA358023824FAE9ED = {isa = PBXNativeTarget; buildConfigurationList = 870BDB5FBA793B9125A4BA44; buildPhases = (
					3907ADFC7FB465323CF2E133,
					5F479DDCCA910A1B409790F8,
					5B4E7054485C979DC796E6B6,
					DD51C81E0217741913DDA90E, ); buildRules = ( ); dependencies = (
					80FC142B2681F573F372A8BD,
					85C1A4FE858B4526EF6B971B, ); name = "SofaPan - Standalone Plugin"; productName = SofaPan; productReference = 8E9BF881E7BDAC596A8B2E15; productType = "com.apple.product-type.application"; };
		DBF5430245B6F66AB164DAF6 = {isa = XCConfigurationList; buildConfigurations = (
					008BA02722F257348CD1853F,
					52B3444D9E473D28B098CE83, ); defaultConfigurationIsVisible = 0; defaultConfigurationName = Debug; };
		7B3DF44301194AF9358C628A = {isa = PBXSourcesBuildPhase; buildActionMask = 2147483647; files = (
					6A300E9E80381BE5E427A4D1,
					31D01F564689BFBC108163A5,
					6751AAF8FFA8EF3ECA9F7D85,
					5F7A8F48FB742163D0A14C8E,
					15792EA385D5EC9C7BE3D8B5,
					D116A20D780D1830B5D52788,
					6632FC4C84619B1D58223147,
					49B329FBDB42A6B5F7018E57,
					4032AF333963D9AB1EE0BB87,
					A351412A04E81ADC75016E9E,
					243B29865112F061042F5E52,
					75ACE18340AD8CF39D97457A,
					CB7E57B5F15654106A82EAF4,
					C05A7B21F59BB647DF3956A2,
					48EE019D048076D315CE22E4,
					E7D1785F9BE4A488BC9C792F,
					54B3E32AEE2A121E53B3F7A6,
					528B51E6B727F1268F4CBA71,
					8AF5519080B6490CA3255693,
					29AD45B9CBDB8DE5ED42C154,
					49F39C8E725484F423064D44,
					BF72EC8EBB4BC688F1D4CE97,
					3B43A52C0FD2D8995CF4917A,
					CADA6D9E5B97F6CB0F70FE09,
					77A5DCC897070805BBCF0146,
					B25A495B2D523C2793C3587C, ); runOnlyForDeploymentPostprocessing = 0; };
		F3275D58DA46CF5CE4098AD6 = {isa = PBXNativeTarget; buildConfigurationList = DBF5430245B6F66AB164DAF6; buildPhases = (
					7B3DF44301194AF9358C628A, ); buildRules = ( ); dependencies = (  ); name = "SofaPan - Shared Code"; productName = SofaPan; productReference = 26C12FF0FEE222CE2D49DB7D; productType = "com.apple.product-type.library.static"; };
		980704EC61FBF6DD2C7E6E3D = {isa = PBXProject; buildConfigurationList = 5795FDF67AB0A89D19429BB3; attributes = { LastUpgradeCheck = 0830; TargetAttributes = { F0700BE19DB13E4A6A07A597 = { SystemCapabilities = {com.apple.ApplicationGroups.iOS = { enabled = 0; }; com.apple.InAppPurchase = { enabled = 0; }; com.apple.InterAppAudio = { enabled = 0; }; com.apple.Push = { enabled = 0; }; com.apple.Sandbox = { enabled = 0; }; }; };E4C202288F13C045F5A7A513 = { SystemCapabilities = {com.apple.ApplicationGroups.iOS = { enabled = 0; }; com.apple.InAppPurchase = { enabled = 0; }; com.apple.InterAppAudio = { enabled = 0; }; com.apple.Push = { enabled = 0; }; com.apple.Sandbox = { enabled = 1; }; }; };1DD10B1CA358023824FAE9ED = { SystemCapabilities = {com.apple.ApplicationGroups.iOS = { enabled = 0; }; com.apple.InAppPurchase = { enabled = 0; }; com.apple.InterAppAudio = { enabled = 0; }; com.apple.Push = { enabled = 0; }; com.apple.Sandbox = { enabled = 0; }; }; };F3275D58DA46CF5CE4098AD6 = { SystemCapabilities = {com.apple.ApplicationGroups.iOS = { enabled = 0; }; com.apple.InAppPurchase = { enabled = 0; }; com.apple.InterAppAudio = { enabled = 0; }; com.apple.Push = { enabled = 0; }; com.apple.Sandbox = { enabled = 0; }; }; }; }; }; compatibilityVersion = "Xcode 3.2"; hasScannedForEncodings = 0; mainGroup = F69B6AF1267FE7A52443F3F7; projectDirPath = ""; projectRoot = ""; targets = (F0700BE19DB13E4A6A07A597, E4C202288F13C045F5A7A513, 1DD10B1CA358023824FAE9ED, F3275D58DA46CF5CE4098AD6); };
	};
	rootObject = 980704EC61FBF6DD2C7E6E3D;
}
