// !$*UTF8*$!
{
	archiveVersion = 1;
	classes = {
	};
	objectVersion = 46;
	objects = {

/* Begin PBXBuildFile section */
		095D4DF3FF93E60BA1EC9597 /* include_juce_gui_extra.mm in Sources */ = {isa = PBXBuildFile; fileRef = 137FF0C0F9A879351C164A44 /* include_juce_gui_extra.mm */; };
		2053CFB3835AB477C7BB149E /* include_juce_osc.cpp in Sources */ = {isa = PBXBuildFile; fileRef = A29DF1D23375D826276748BB /* include_juce_osc.cpp */; };
		228742A94EB129911F3B7CE5 /* include_juce_audio_formats.mm in Sources */ = {isa = PBXBuildFile; fileRef = C7BC7DD96AC3DCAAD08CBD3C /* include_juce_audio_formats.mm */; };
		23563A87479E188C8AA60747 /* include_juce_graphics.mm in Sources */ = {isa = PBXBuildFile; fileRef = C794300545E2F5C6B044E051 /* include_juce_graphics.mm */; };
		2D0179B3AF45D8681E4655B3 /* CoreImage.framework in Frameworks */ = {isa = PBXBuildFile; fileRef = 2CC589FC3C7844460445A82F /* CoreImage.framework */; };
		2F9C835F93D44C94F8DBE589 /* CoreMedia.framework in Frameworks */ = {isa = PBXBuildFile; fileRef = 0806AAA8EC923651BA79B724 /* CoreMedia.framework */; };
		30E81F8ABDBE28033119C726 /* AVKit.framework in Frameworks */ = {isa = PBXBuildFile; fileRef = 7F40D6565F7CFED4C52C4286 /* AVKit.framework */; };
		3529E370E78C10B3B5CFBEDC /* include_juce_audio_basics.mm in Sources */ = {isa = PBXBuildFile; fileRef = EC773FE4292427933DD2F365 /* include_juce_audio_basics.mm */; };
		381CEC06A0B9520E4E0E2DB6 /* MainComponent.cpp in Sources */ = {isa = PBXBuildFile; fileRef = 4AA9DB15B44C900FC600CC09 /* MainComponent.cpp */; };
		3966AAF90CF687DDC0ACB7F5 /* include_juce_data_structures.mm in Sources */ = {isa = PBXBuildFile; fileRef = 86649C97143F53FEBE3BB07E /* include_juce_data_structures.mm */; };
		5D87C2555451B16D3DB2F4E4 /* include_juce_audio_processors.mm in Sources */ = {isa = PBXBuildFile; fileRef = B8735DEF3E4B60087977C7C5 /* include_juce_audio_processors.mm */; };
		5DAB94F7391A828681A25EC0 /* Images.xcassets in Resources */ = {isa = PBXBuildFile; fileRef = AAB49C403F9CF8E19F76EC80 /* Images.xcassets */; };
		63B72F391FEBEC51003B0BC2 /* LogoHexData.h in Sources */ = {isa = PBXBuildFile; fileRef = A7F6144DB3B246DB0EDC4F69 /* LogoHexData.h */; };
		63B72F3A1FEBEC55003B0BC2 /* HeadTopHexData.h in Sources */ = {isa = PBXBuildFile; fileRef = 1B121C0C0B288A99431AABEC /* HeadTopHexData.h */; };
		63B72F3B1FEBEC58003B0BC2 /* HeadRearHexData.h in Sources */ = {isa = PBXBuildFile; fileRef = F34CCA3C2585883152933D60 /* HeadRearHexData.h */; };
		63B72F3C1FEBEC7C003B0BC2 /* RoomPannerComponent.h in Sources */ = {isa = PBXBuildFile; fileRef = 7997815DC7F410A3E2F2FFCC /* RoomPannerComponent.h */; };
		6516CFE9D0D7E90C652AE587 /* AudioToolbox.framework in Frameworks */ = {isa = PBXBuildFile; fileRef = 806DDA56EAE201A484BD26E6 /* AudioToolbox.framework */; };
		6C1ADAF3903FB7A4DE874DBC /* Foundation.framework in Frameworks */ = {isa = PBXBuildFile; fileRef = D1941AAC038268CCF7B509DA /* Foundation.framework */; };
		7703E8E991156389A646E37E /* Main.cpp in Sources */ = {isa = PBXBuildFile; fileRef = 69096CF2A6C94065630D39DE /* Main.cpp */; };
		7E6EAA4F38FDDA01D31BF9F6 /* include_juce_cryptography.mm in Sources */ = {isa = PBXBuildFile; fileRef = 993845A3F6E21C6BA7142679 /* include_juce_cryptography.mm */; };
		8E11B9AAFECD8FE01304FD95 /* include_juce_video.mm in Sources */ = {isa = PBXBuildFile; fileRef = 52C0EA876472DC6AF84C5420 /* include_juce_video.mm */; };
		8E12F8E76F6DF7B554CBDF42 /* AVFoundation.framework in Frameworks */ = {isa = PBXBuildFile; fileRef = 876082DC23C1AD7F6F6D776F /* AVFoundation.framework */; };
		953EE0A6591D6B6253CDB57F /* include_juce_opengl.mm in Sources */ = {isa = PBXBuildFile; fileRef = 0A9CD0269495134C38039833 /* include_juce_opengl.mm */; };
		A2670E6604C270DA5718E47C /* include_juce_audio_devices.mm in Sources */ = {isa = PBXBuildFile; fileRef = ACA2CE39BA2D1D2DBC75E2BB /* include_juce_audio_devices.mm */; };
		A8A728E20A5C6D6AD70A2C84 /* CoreMIDI.framework in Frameworks */ = {isa = PBXBuildFile; fileRef = 5D4C179041BC8F84142235DF /* CoreMIDI.framework */; };
		B31C2924BCE945CE1DBC381D /* include_juce_gui_basics.mm in Sources */ = {isa = PBXBuildFile; fileRef = 87D09AABFFAEBC346B56FFE3 /* include_juce_gui_basics.mm */; };
		B675BB7CAE9FA7DFE4155906 /* CoreText.framework in Frameworks */ = {isa = PBXBuildFile; fileRef = 472CCB5DEBE0645CA0B4B590 /* CoreText.framework */; };
		B7337FD1B8135905166697CE /* CoreGraphics.framework in Frameworks */ = {isa = PBXBuildFile; fileRef = FD277612F20C8004C8558BED /* CoreGraphics.framework */; };
		BE3F3DF4A7B4B3EED809F0B6 /* include_juce_events.mm in Sources */ = {isa = PBXBuildFile; fileRef = 804C3BAC31425AD23B95724C /* include_juce_events.mm */; };
		C1AD76301CA5932755C46C54 /* QuartzCore.framework in Frameworks */ = {isa = PBXBuildFile; fileRef = 2400757C90899C867BF44160 /* QuartzCore.framework */; };
		C853291B4D57C731A97A9295 /* include_juce_core.mm in Sources */ = {isa = PBXBuildFile; fileRef = 0A157FEFF9FD89AC334FA780 /* include_juce_core.mm */; };
		D40E3240A761E992D3940286 /* UIKit.framework in Frameworks */ = {isa = PBXBuildFile; fileRef = 771F66D08CEE3C3FC2F1AF1D /* UIKit.framework */; };
		DC390EDC7069C8AD1585B219 /* OpenGLES.framework in Frameworks */ = {isa = PBXBuildFile; fileRef = A5E23D9E2A1C1E27AD71C373 /* OpenGLES.framework */; };
		E5CC803EF4AB874B1B0AB90D /* Accelerate.framework in Frameworks */ = {isa = PBXBuildFile; fileRef = 605251A0B8D44595E9A91440 /* Accelerate.framework */; };
		FF6FCBA0549F3845D7E06F78 /* CoreAudio.framework in Frameworks */ = {isa = PBXBuildFile; fileRef = FA87BD8C1B25CA5B2C396D7F /* CoreAudio.framework */; };
/* End PBXBuildFile section */

/* Begin PBXFileReference section */
		0803DCE2E497D6C9C18E5DDF /* juce_data_structures */ = {isa = PBXFileReference; lastKnownFileType = folder; name = juce_data_structures; path = /Users/David/GitRepos/JUCE/modules/juce_data_structures; sourceTree = "<absolute>"; };
		0806AAA8EC923651BA79B724 /* CoreMedia.framework */ = {isa = PBXFileReference; lastKnownFileType = wrapper.framework; name = CoreMedia.framework; path = System/Library/Frameworks/CoreMedia.framework; sourceTree = SDKROOT; };
		0A157FEFF9FD89AC334FA780 /* include_juce_core.mm */ = {isa = PBXFileReference; lastKnownFileType = sourcecode.cpp.objcpp; name = include_juce_core.mm; path = ../../JuceLibraryCode/include_juce_core.mm; sourceTree = SOURCE_ROOT; };
		0A9CD0269495134C38039833 /* include_juce_opengl.mm */ = {isa = PBXFileReference; lastKnownFileType = sourcecode.cpp.objcpp; name = include_juce_opengl.mm; path = ../../JuceLibraryCode/include_juce_opengl.mm; sourceTree = SOURCE_ROOT; };
		137FF0C0F9A879351C164A44 /* include_juce_gui_extra.mm */ = {isa = PBXFileReference; lastKnownFileType = sourcecode.cpp.objcpp; name = include_juce_gui_extra.mm; path = ../../JuceLibraryCode/include_juce_gui_extra.mm; sourceTree = SOURCE_ROOT; };
		17F9DC648F2782B028569083 /* juce_graphics */ = {isa = PBXFileReference; lastKnownFileType = folder; name = juce_graphics; path = /Users/David/GitRepos/JUCE/modules/juce_graphics; sourceTree = "<absolute>"; };
		1B121C0C0B288A99431AABEC /* HeadTopHexData.h */ = {isa = PBXFileReference; lastKnownFileType = sourcecode.c.h; name = HeadTopHexData.h; path = ../../../../../../../../../Users/David/GitRepos/sofapan/SofaPan/Source/GUI/HeadTopHexData.h; sourceTree = SOURCE_ROOT; };
		2400757C90899C867BF44160 /* QuartzCore.framework */ = {isa = PBXFileReference; lastKnownFileType = wrapper.framework; name = QuartzCore.framework; path = System/Library/Frameworks/QuartzCore.framework; sourceTree = SDKROOT; };
		287DC41E005A51BE0163A399 /* juce_audio_processors */ = {isa = PBXFileReference; lastKnownFileType = folder; name = juce_audio_processors; path = /Users/David/GitRepos/JUCE/modules/juce_audio_processors; sourceTree = "<absolute>"; };
		2CC589FC3C7844460445A82F /* CoreImage.framework */ = {isa = PBXFileReference; lastKnownFileType = wrapper.framework; name = CoreImage.framework; path = System/Library/Frameworks/CoreImage.framework; sourceTree = SDKROOT; };
		3ED7FB37BCEAB82CB4C3AC74 /* juce_opengl */ = {isa = PBXFileReference; lastKnownFileType = folder; name = juce_opengl; path = /Users/David/GitRepos/JUCE/modules/juce_opengl; sourceTree = "<absolute>"; };
		472CCB5DEBE0645CA0B4B590 /* CoreText.framework */ = {isa = PBXFileReference; lastKnownFileType = wrapper.framework; name = CoreText.framework; path = System/Library/Frameworks/CoreText.framework; sourceTree = SDKROOT; };
		4A71CE25C1165B8FADBDDA7D /* juce_audio_basics */ = {isa = PBXFileReference; lastKnownFileType = folder; name = juce_audio_basics; path = /Users/David/GitRepos/JUCE/modules/juce_audio_basics; sourceTree = "<absolute>"; };
		4AA9DB15B44C900FC600CC09 /* MainComponent.cpp */ = {isa = PBXFileReference; lastKnownFileType = sourcecode.cpp.cpp; name = MainComponent.cpp; path = ../../Source/MainComponent.cpp; sourceTree = SOURCE_ROOT; };
		52C0EA876472DC6AF84C5420 /* include_juce_video.mm */ = {isa = PBXFileReference; lastKnownFileType = sourcecode.cpp.objcpp; name = include_juce_video.mm; path = ../../JuceLibraryCode/include_juce_video.mm; sourceTree = SOURCE_ROOT; };
		537288D502586880C2919AFB /* juce_video */ = {isa = PBXFileReference; lastKnownFileType = folder; name = juce_video; path = /Users/David/GitRepos/JUCE/modules/juce_video; sourceTree = "<absolute>"; };
		5D1679FF5435EE4DA87D87E5 /* juce_gui_basics */ = {isa = PBXFileReference; lastKnownFileType = folder; name = juce_gui_basics; path = /Users/David/GitRepos/JUCE/modules/juce_gui_basics; sourceTree = "<absolute>"; };
		5D4C179041BC8F84142235DF /* CoreMIDI.framework */ = {isa = PBXFileReference; lastKnownFileType = wrapper.framework; name = CoreMIDI.framework; path = System/Library/Frameworks/CoreMIDI.framework; sourceTree = SDKROOT; };
		5ECB27462ED77A95A80EBED7 /* AppConfig.h */ = {isa = PBXFileReference; lastKnownFileType = sourcecode.c.h; name = AppConfig.h; path = ../../JuceLibraryCode/AppConfig.h; sourceTree = SOURCE_ROOT; };
		605251A0B8D44595E9A91440 /* Accelerate.framework */ = {isa = PBXFileReference; lastKnownFileType = wrapper.framework; name = Accelerate.framework; path = System/Library/Frameworks/Accelerate.framework; sourceTree = SDKROOT; };
		69096CF2A6C94065630D39DE /* Main.cpp */ = {isa = PBXFileReference; lastKnownFileType = sourcecode.cpp.cpp; name = Main.cpp; path = ../../Source/Main.cpp; sourceTree = SOURCE_ROOT; };
		6B88821088738C218C3BF13E /* juce_osc */ = {isa = PBXFileReference; lastKnownFileType = folder; name = juce_osc; path = /Users/David/GitRepos/JUCE/modules/juce_osc; sourceTree = "<absolute>"; };
		71F0A6F236B33389734A3B2A /* juce_cryptography */ = {isa = PBXFileReference; lastKnownFileType = folder; name = juce_cryptography; path = /Users/David/GitRepos/JUCE/modules/juce_cryptography; sourceTree = "<absolute>"; };
		771F66D08CEE3C3FC2F1AF1D /* UIKit.framework */ = {isa = PBXFileReference; lastKnownFileType = wrapper.framework; name = UIKit.framework; path = System/Library/Frameworks/UIKit.framework; sourceTree = SDKROOT; };
		7997815DC7F410A3E2F2FFCC /* RoomPannerComponent.h */ = {isa = PBXFileReference; lastKnownFileType = sourcecode.c.h; name = RoomPannerComponent.h; path = ../../Source/RoomPannerComponent.h; sourceTree = SOURCE_ROOT; };
		7A16B63EE298741BA658DAD7 /* juce_events */ = {isa = PBXFileReference; lastKnownFileType = folder; name = juce_events; path = /Users/David/GitRepos/JUCE/modules/juce_events; sourceTree = "<absolute>"; };
		7F40D6565F7CFED4C52C4286 /* AVKit.framework */ = {isa = PBXFileReference; lastKnownFileType = wrapper.framework; name = AVKit.framework; path = System/Library/Frameworks/AVKit.framework; sourceTree = SDKROOT; };
		804C3BAC31425AD23B95724C /* include_juce_events.mm */ = {isa = PBXFileReference; lastKnownFileType = sourcecode.cpp.objcpp; name = include_juce_events.mm; path = ../../JuceLibraryCode/include_juce_events.mm; sourceTree = SOURCE_ROOT; };
		806DDA56EAE201A484BD26E6 /* AudioToolbox.framework */ = {isa = PBXFileReference; lastKnownFileType = wrapper.framework; name = AudioToolbox.framework; path = System/Library/Frameworks/AudioToolbox.framework; sourceTree = SDKROOT; };
		84784AB7F19CA8A64E451ECB /* MainComponent.h */ = {isa = PBXFileReference; lastKnownFileType = sourcecode.c.h; name = MainComponent.h; path = ../../Source/MainComponent.h; sourceTree = SOURCE_ROOT; };
		86649C97143F53FEBE3BB07E /* include_juce_data_structures.mm */ = {isa = PBXFileReference; lastKnownFileType = sourcecode.cpp.objcpp; name = include_juce_data_structures.mm; path = ../../JuceLibraryCode/include_juce_data_structures.mm; sourceTree = SOURCE_ROOT; };
		876082DC23C1AD7F6F6D776F /* AVFoundation.framework */ = {isa = PBXFileReference; lastKnownFileType = wrapper.framework; name = AVFoundation.framework; path = System/Library/Frameworks/AVFoundation.framework; sourceTree = SDKROOT; };
		87D09AABFFAEBC346B56FFE3 /* include_juce_gui_basics.mm */ = {isa = PBXFileReference; lastKnownFileType = sourcecode.cpp.objcpp; name = include_juce_gui_basics.mm; path = ../../JuceLibraryCode/include_juce_gui_basics.mm; sourceTree = SOURCE_ROOT; };
		89C26A21A087CA5CDEE4A72B /* juce_audio_devices */ = {isa = PBXFileReference; lastKnownFileType = folder; name = juce_audio_devices; path = /Users/David/GitRepos/JUCE/modules/juce_audio_devices; sourceTree = "<absolute>"; };
		991A144539074052089C5FD8 /* juce_core */ = {isa = PBXFileReference; lastKnownFileType = folder; name = juce_core; path = /Users/David/GitRepos/JUCE/modules/juce_core; sourceTree = "<absolute>"; };
		993845A3F6E21C6BA7142679 /* include_juce_cryptography.mm */ = {isa = PBXFileReference; lastKnownFileType = sourcecode.cpp.objcpp; name = include_juce_cryptography.mm; path = ../../JuceLibraryCode/include_juce_cryptography.mm; sourceTree = SOURCE_ROOT; };
		A29DF1D23375D826276748BB /* include_juce_osc.cpp */ = {isa = PBXFileReference; lastKnownFileType = sourcecode.cpp.cpp; name = include_juce_osc.cpp; path = ../../JuceLibraryCode/include_juce_osc.cpp; sourceTree = SOURCE_ROOT; };
		A5E23D9E2A1C1E27AD71C373 /* OpenGLES.framework */ = {isa = PBXFileReference; lastKnownFileType = wrapper.framework; name = OpenGLES.framework; path = System/Library/Frameworks/OpenGLES.framework; sourceTree = SDKROOT; };
		A7F6144DB3B246DB0EDC4F69 /* LogoHexData.h */ = {isa = PBXFileReference; lastKnownFileType = sourcecode.c.h; name = LogoHexData.h; path = ../../../../../../../../../Users/David/GitRepos/sofapan/SofaPan/Source/GUI/LogoHexData.h; sourceTree = SOURCE_ROOT; };
		AAB49C403F9CF8E19F76EC80 /* Images.xcassets */ = {isa = PBXFileReference; lastKnownFileType = folder.assetcatalog; name = Images.xcassets; path = SofaPanRemote/Images.xcassets; sourceTree = SOURCE_ROOT; };
		AB441FB9E311FE2CF48DB2FD /* SofaPanRemote.app */ = {isa = PBXFileReference; explicitFileType = wrapper.application; includeInIndex = 0; path = SofaPanRemote.app; sourceTree = BUILT_PRODUCTS_DIR; };
		ACA2CE39BA2D1D2DBC75E2BB /* include_juce_audio_devices.mm */ = {isa = PBXFileReference; lastKnownFileType = sourcecode.cpp.objcpp; name = include_juce_audio_devices.mm; path = ../../JuceLibraryCode/include_juce_audio_devices.mm; sourceTree = SOURCE_ROOT; };
		B05C851F067D67738EA783D9 /* Info-App.plist */ = {isa = PBXFileReference; lastKnownFileType = text.plist.xml; path = "Info-App.plist"; sourceTree = SOURCE_ROOT; };
		B8735DEF3E4B60087977C7C5 /* include_juce_audio_processors.mm */ = {isa = PBXFileReference; lastKnownFileType = sourcecode.cpp.objcpp; name = include_juce_audio_processors.mm; path = ../../JuceLibraryCode/include_juce_audio_processors.mm; sourceTree = SOURCE_ROOT; };
		C794300545E2F5C6B044E051 /* include_juce_graphics.mm */ = {isa = PBXFileReference; lastKnownFileType = sourcecode.cpp.objcpp; name = include_juce_graphics.mm; path = ../../JuceLibraryCode/include_juce_graphics.mm; sourceTree = SOURCE_ROOT; };
		C7BC7DD96AC3DCAAD08CBD3C /* include_juce_audio_formats.mm */ = {isa = PBXFileReference; lastKnownFileType = sourcecode.cpp.objcpp; name = include_juce_audio_formats.mm; path = ../../JuceLibraryCode/include_juce_audio_formats.mm; sourceTree = SOURCE_ROOT; };
		D1941AAC038268CCF7B509DA /* Foundation.framework */ = {isa = PBXFileReference; lastKnownFileType = wrapper.framework; name = Foundation.framework; path = System/Library/Frameworks/Foundation.framework; sourceTree = SDKROOT; };
		E4CC6DF8672663747FED2909 /* juce_gui_extra */ = {isa = PBXFileReference; lastKnownFileType = folder; name = juce_gui_extra; path = /Users/David/GitRepos/JUCE/modules/juce_gui_extra; sourceTree = "<absolute>"; };
		EAFEFDCF3F1320C7E568B396 /* juce_audio_formats */ = {isa = PBXFileReference; lastKnownFileType = folder; name = juce_audio_formats; path = /Users/David/GitRepos/JUCE/modules/juce_audio_formats; sourceTree = "<absolute>"; };
		EC773FE4292427933DD2F365 /* include_juce_audio_basics.mm */ = {isa = PBXFileReference; lastKnownFileType = sourcecode.cpp.objcpp; name = include_juce_audio_basics.mm; path = ../../JuceLibraryCode/include_juce_audio_basics.mm; sourceTree = SOURCE_ROOT; };
		F34CCA3C2585883152933D60 /* HeadRearHexData.h */ = {isa = PBXFileReference; lastKnownFileType = sourcecode.c.h; name = HeadRearHexData.h; path = ../../../../../../../../../Users/David/GitRepos/sofapan/SofaPan/Source/GUI/HeadRearHexData.h; sourceTree = SOURCE_ROOT; };
		F432FA692A9FB83F88DF6015 /* JuceHeader.h */ = {isa = PBXFileReference; lastKnownFileType = sourcecode.c.h; name = JuceHeader.h; path = ../../JuceLibraryCode/JuceHeader.h; sourceTree = SOURCE_ROOT; };
		FA87BD8C1B25CA5B2C396D7F /* CoreAudio.framework */ = {isa = PBXFileReference; lastKnownFileType = wrapper.framework; name = CoreAudio.framework; path = System/Library/Frameworks/CoreAudio.framework; sourceTree = SDKROOT; };
		FD277612F20C8004C8558BED /* CoreGraphics.framework */ = {isa = PBXFileReference; lastKnownFileType = wrapper.framework; name = CoreGraphics.framework; path = System/Library/Frameworks/CoreGraphics.framework; sourceTree = SDKROOT; };
/* End PBXFileReference section */

/* Begin PBXFrameworksBuildPhase section */
		90A66B77B8F55E74DEB93F0E /* Frameworks */ = {
			isa = PBXFrameworksBuildPhase;
			buildActionMask = 2147483647;
			files = (
				E5CC803EF4AB874B1B0AB90D /* Accelerate.framework in Frameworks */,
				6516CFE9D0D7E90C652AE587 /* AudioToolbox.framework in Frameworks */,
				8E12F8E76F6DF7B554CBDF42 /* AVFoundation.framework in Frameworks */,
				30E81F8ABDBE28033119C726 /* AVKit.framework in Frameworks */,
				FF6FCBA0549F3845D7E06F78 /* CoreAudio.framework in Frameworks */,
				B7337FD1B8135905166697CE /* CoreGraphics.framework in Frameworks */,
				2D0179B3AF45D8681E4655B3 /* CoreImage.framework in Frameworks */,
				2F9C835F93D44C94F8DBE589 /* CoreMedia.framework in Frameworks */,
				A8A728E20A5C6D6AD70A2C84 /* CoreMIDI.framework in Frameworks */,
				B675BB7CAE9FA7DFE4155906 /* CoreText.framework in Frameworks */,
				6C1ADAF3903FB7A4DE874DBC /* Foundation.framework in Frameworks */,
				DC390EDC7069C8AD1585B219 /* OpenGLES.framework in Frameworks */,
				C1AD76301CA5932755C46C54 /* QuartzCore.framework in Frameworks */,
				D40E3240A761E992D3940286 /* UIKit.framework in Frameworks */,
			);
			runOnlyForDeploymentPostprocessing = 0;
		};
/* End PBXFrameworksBuildPhase section */

/* Begin PBXGroup section */
		21F32646F88E81CB01B7E2AC /* Frameworks */ = {
			isa = PBXGroup;
			children = (
				605251A0B8D44595E9A91440 /* Accelerate.framework */,
				806DDA56EAE201A484BD26E6 /* AudioToolbox.framework */,
				876082DC23C1AD7F6F6D776F /* AVFoundation.framework */,
				7F40D6565F7CFED4C52C4286 /* AVKit.framework */,
				FA87BD8C1B25CA5B2C396D7F /* CoreAudio.framework */,
				FD277612F20C8004C8558BED /* CoreGraphics.framework */,
				2CC589FC3C7844460445A82F /* CoreImage.framework */,
				0806AAA8EC923651BA79B724 /* CoreMedia.framework */,
				5D4C179041BC8F84142235DF /* CoreMIDI.framework */,
				472CCB5DEBE0645CA0B4B590 /* CoreText.framework */,
				D1941AAC038268CCF7B509DA /* Foundation.framework */,
				A5E23D9E2A1C1E27AD71C373 /* OpenGLES.framework */,
				2400757C90899C867BF44160 /* QuartzCore.framework */,
				771F66D08CEE3C3FC2F1AF1D /* UIKit.framework */,
			);
			name = Frameworks;
			sourceTree = "<group>";
		};
		349E8912C502E9467C97EB90 /* Juce Modules */ = {
			isa = PBXGroup;
			children = (
				4A71CE25C1165B8FADBDDA7D /* juce_audio_basics */,
				89C26A21A087CA5CDEE4A72B /* juce_audio_devices */,
				EAFEFDCF3F1320C7E568B396 /* juce_audio_formats */,
				287DC41E005A51BE0163A399 /* juce_audio_processors */,
				991A144539074052089C5FD8 /* juce_core */,
				71F0A6F236B33389734A3B2A /* juce_cryptography */,
				0803DCE2E497D6C9C18E5DDF /* juce_data_structures */,
				7A16B63EE298741BA658DAD7 /* juce_events */,
				17F9DC648F2782B028569083 /* juce_graphics */,
				5D1679FF5435EE4DA87D87E5 /* juce_gui_basics */,
				E4CC6DF8672663747FED2909 /* juce_gui_extra */,
				3ED7FB37BCEAB82CB4C3AC74 /* juce_opengl */,
				6B88821088738C218C3BF13E /* juce_osc */,
				537288D502586880C2919AFB /* juce_video */,
			);
			name = "Juce Modules";
			sourceTree = "<group>";
		};
		5A4AF65F919904AAC379D7CF /* Juce Library Code */ = {
			isa = PBXGroup;
			children = (
				5ECB27462ED77A95A80EBED7 /* AppConfig.h */,
				EC773FE4292427933DD2F365 /* include_juce_audio_basics.mm */,
				ACA2CE39BA2D1D2DBC75E2BB /* include_juce_audio_devices.mm */,
				C7BC7DD96AC3DCAAD08CBD3C /* include_juce_audio_formats.mm */,
				B8735DEF3E4B60087977C7C5 /* include_juce_audio_processors.mm */,
				0A157FEFF9FD89AC334FA780 /* include_juce_core.mm */,
				993845A3F6E21C6BA7142679 /* include_juce_cryptography.mm */,
				86649C97143F53FEBE3BB07E /* include_juce_data_structures.mm */,
				804C3BAC31425AD23B95724C /* include_juce_events.mm */,
				C794300545E2F5C6B044E051 /* include_juce_graphics.mm */,
				87D09AABFFAEBC346B56FFE3 /* include_juce_gui_basics.mm */,
				137FF0C0F9A879351C164A44 /* include_juce_gui_extra.mm */,
				0A9CD0269495134C38039833 /* include_juce_opengl.mm */,
				A29DF1D23375D826276748BB /* include_juce_osc.cpp */,
				52C0EA876472DC6AF84C5420 /* include_juce_video.mm */,
				F432FA692A9FB83F88DF6015 /* JuceHeader.h */,
			);
			name = "Juce Library Code";
			sourceTree = "<group>";
		};
		761F14454DD2C8B0A293609D /* Products */ = {
			isa = PBXGroup;
			children = (
				AB441FB9E311FE2CF48DB2FD /* SofaPanRemote.app */,
			);
			name = Products;
			sourceTree = "<group>";
		};
		83CF3334C1554C681845AC05 /* Source */ = {
			isa = PBXGroup;
			children = (
				F34CCA3C2585883152933D60 /* HeadRearHexData.h */,
				1B121C0C0B288A99431AABEC /* HeadTopHexData.h */,
				A7F6144DB3B246DB0EDC4F69 /* LogoHexData.h */,
				7997815DC7F410A3E2F2FFCC /* RoomPannerComponent.h */,
				4AA9DB15B44C900FC600CC09 /* MainComponent.cpp */,
				84784AB7F19CA8A64E451ECB /* MainComponent.h */,
				69096CF2A6C94065630D39DE /* Main.cpp */,
			);
			name = Source;
			sourceTree = "<group>";
		};
		848AD5E67D551A2FF6679B46 /* Source */ = {
			isa = PBXGroup;
			children = (
				F66A74E25A0B89C0E0A21655 /* SofaPanRemote */,
				349E8912C502E9467C97EB90 /* Juce Modules */,
				5A4AF65F919904AAC379D7CF /* Juce Library Code */,
				B7F4C2C8E405BF5455052FF0 /* Resources */,
				21F32646F88E81CB01B7E2AC /* Frameworks */,
				761F14454DD2C8B0A293609D /* Products */,
			);
			name = Source;
			sourceTree = "<group>";
		};
		B7F4C2C8E405BF5455052FF0 /* Resources */ = {
			isa = PBXGroup;
			children = (
				B05C851F067D67738EA783D9 /* Info-App.plist */,
				AAB49C403F9CF8E19F76EC80 /* Images.xcassets */,
			);
			name = Resources;
			sourceTree = "<group>";
		};
		F66A74E25A0B89C0E0A21655 /* SofaPanRemote */ = {
			isa = PBXGroup;
			children = (
				83CF3334C1554C681845AC05 /* Source */,
			);
			name = SofaPanRemote;
			sourceTree = "<group>";
		};
/* End PBXGroup section */

/* Begin PBXNativeTarget section */
		48FFF106D9AE988D493601D6 /* SofaPanRemote - App */ = {
			isa = PBXNativeTarget;
			buildConfigurationList = E042E7D84A8DC3FDF32499B9 /* Build configuration list for PBXNativeTarget "SofaPanRemote - App" */;
			buildPhases = (
				EBE987B34ACE7283CD9EA54D /* Resources */,
				91ECDCE451E3B083CB8E5C16 /* Sources */,
				90A66B77B8F55E74DEB93F0E /* Frameworks */,
			);
			buildRules = (
			);
			dependencies = (
			);
			name = "SofaPanRemote - App";
			productName = SofaPanRemote;
			productReference = AB441FB9E311FE2CF48DB2FD /* SofaPanRemote.app */;
			productType = "com.apple.product-type.application";
		};
/* End PBXNativeTarget section */

/* Begin PBXProject section */
		F5D2391C8D1B106A84FD04AB /* Project object */ = {
			isa = PBXProject;
			attributes = {
				LastUpgradeCheck = 0830;
				TargetAttributes = {
					48FFF106D9AE988D493601D6 = {
						SystemCapabilities = {
							com.apple.ApplicationGroups.iOS = {
								enabled = 0;
							};
							com.apple.InAppPurchase = {
								enabled = 0;
							};
							com.apple.InterAppAudio = {
								enabled = 0;
							};
							com.apple.Push = {
								enabled = 0;
							};
							com.apple.Sandbox = {
								enabled = 0;
							};
						};
					};
				};
			};
			buildConfigurationList = AF1604D92D437C0E1FBD1C18 /* Build configuration list for PBXProject "SofaPanRemote" */;
			compatibilityVersion = "Xcode 3.2";
			developmentRegion = en;
			hasScannedForEncodings = 0;
			knownRegions = (
				en,
			);
			mainGroup = 848AD5E67D551A2FF6679B46 /* Source */;
			projectDirPath = "";
			projectRoot = "";
			targets = (
				48FFF106D9AE988D493601D6 /* SofaPanRemote - App */,
			);
		};
/* End PBXProject section */

/* Begin PBXResourcesBuildPhase section */
		EBE987B34ACE7283CD9EA54D /* Resources */ = {
			isa = PBXResourcesBuildPhase;
			buildActionMask = 2147483647;
			files = (
				5DAB94F7391A828681A25EC0 /* Images.xcassets in Resources */,
			);
			runOnlyForDeploymentPostprocessing = 0;
		};
/* End PBXResourcesBuildPhase section */

/* Begin PBXSourcesBuildPhase section */
		91ECDCE451E3B083CB8E5C16 /* Sources */ = {
			isa = PBXSourcesBuildPhase;
			buildActionMask = 2147483647;
			files = (
				63B72F3B1FEBEC58003B0BC2 /* HeadRearHexData.h in Sources */,
				63B72F3A1FEBEC55003B0BC2 /* HeadTopHexData.h in Sources */,
				63B72F391FEBEC51003B0BC2 /* LogoHexData.h in Sources */,
				63B72F3C1FEBEC7C003B0BC2 /* RoomPannerComponent.h in Sources */,
				381CEC06A0B9520E4E0E2DB6 /* MainComponent.cpp in Sources */,
				7703E8E991156389A646E37E /* Main.cpp in Sources */,
				3529E370E78C10B3B5CFBEDC /* include_juce_audio_basics.mm in Sources */,
				A2670E6604C270DA5718E47C /* include_juce_audio_devices.mm in Sources */,
				228742A94EB129911F3B7CE5 /* include_juce_audio_formats.mm in Sources */,
				5D87C2555451B16D3DB2F4E4 /* include_juce_audio_processors.mm in Sources */,
				C853291B4D57C731A97A9295 /* include_juce_core.mm in Sources */,
				7E6EAA4F38FDDA01D31BF9F6 /* include_juce_cryptography.mm in Sources */,
				3966AAF90CF687DDC0ACB7F5 /* include_juce_data_structures.mm in Sources */,
				BE3F3DF4A7B4B3EED809F0B6 /* include_juce_events.mm in Sources */,
				23563A87479E188C8AA60747 /* include_juce_graphics.mm in Sources */,
				B31C2924BCE945CE1DBC381D /* include_juce_gui_basics.mm in Sources */,
				095D4DF3FF93E60BA1EC9597 /* include_juce_gui_extra.mm in Sources */,
				953EE0A6591D6B6253CDB57F /* include_juce_opengl.mm in Sources */,
				2053CFB3835AB477C7BB149E /* include_juce_osc.cpp in Sources */,
				8E11B9AAFECD8FE01304FD95 /* include_juce_video.mm in Sources */,
			);
			runOnlyForDeploymentPostprocessing = 0;
		};
/* End PBXSourcesBuildPhase section */

/* Begin XCBuildConfiguration section */
		2394B70F619C03EE05AADFA3 /* Release */ = {
			isa = XCBuildConfiguration;
			buildSettings = {
				ASSETCATALOG_COMPILER_APPICON_NAME = AppIcon;
				ASSETCATALOG_COMPILER_LAUNCHIMAGE_NAME = LaunchImage;
				CLANG_CXX_LANGUAGE_STANDARD = "c++11";
				CLANG_LINK_OBJC_RUNTIME = NO;
				COMBINE_HIDPI_IMAGES = YES;
				CONFIGURATION_BUILD_DIR = "$(PROJECT_DIR)/build/$(CONFIGURATION)";
				DEAD_CODE_STRIPPING = YES;
				GCC_GENERATE_DEBUGGING_SYMBOLS = NO;
				GCC_OPTIMIZATION_LEVEL = 3;
				GCC_PREPROCESSOR_DEFINITIONS = (
					"_NDEBUG=1",
					"NDEBUG=1",
					"JUCER_XCODE_IPHONE_5BC26AE3=1",
					"JUCE_APP_VERSION=1.0.0",
					"JUCE_APP_VERSION_HEX=0x10000",
					"JucePlugin_Build_VST=0",
					"JucePlugin_Build_VST3=0",
					"JucePlugin_Build_AU=0",
					"JucePlugin_Build_AUv3=0",
					"JucePlugin_Build_RTAS=0",
					"JucePlugin_Build_AAX=0",
					"JucePlugin_Build_Standalone=0",
				);
				GCC_SYMBOLS_PRIVATE_EXTERN = YES;
				GCC_VERSION = com.apple.compilers.llvm.clang.1_0;
				HEADER_SEARCH_PATHS = (
					../../JuceLibraryCode,
					/Users/David/GitRepos/JUCE/modules,
					"$(inherited)",
				);
				INFOPLIST_FILE = "Info-App.plist";
				INFOPLIST_PREPROCESS = NO;
				INSTALL_PATH = "$(HOME)/Applications";
				PRODUCT_BUNDLE_IDENTIFIER = com.yourcompany.SofaPanRemote;
				USE_HEADERMAP = NO;
			};
			name = Release;
		};
		5BAB14BEAD7EF3081046FEAB /* Release */ = {
			isa = XCBuildConfiguration;
			buildSettings = {
				ALWAYS_SEARCH_USER_PATHS = NO;
				CLANG_WARN_BLOCK_CAPTURE_AUTORELEASING = YES;
				CLANG_WARN_BOOL_CONVERSION = YES;
				CLANG_WARN_COMMA = YES;
				CLANG_WARN_CONSTANT_CONVERSION = YES;
				CLANG_WARN_EMPTY_BODY = YES;
				CLANG_WARN_ENUM_CONVERSION = YES;
				CLANG_WARN_INFINITE_RECURSION = YES;
				CLANG_WARN_INT_CONVERSION = YES;
				CLANG_WARN_NON_LITERAL_NULL_CONVERSION = YES;
				CLANG_WARN_OBJC_LITERAL_CONVERSION = YES;
				CLANG_WARN_RANGE_LOOP_ANALYSIS = YES;
				CLANG_WARN_STRICT_PROTOTYPES = YES;
				CLANG_WARN_SUSPICIOUS_MOVE = YES;
				CLANG_WARN_UNREACHABLE_CODE = YES;
				CLANG_WARN__DUPLICATE_METHOD_MATCH = YES;
				"CODE_SIGN_IDENTITY[sdk=iphoneos*]" = "iPhone Developer";
				DEBUG_INFORMATION_FORMAT = dwarf;
				ENABLE_STRICT_OBJC_MSGSEND = YES;
				GCC_C_LANGUAGE_STANDARD = c11;
				GCC_INLINES_ARE_PRIVATE_EXTERN = YES;
				GCC_MODEL_TUNING = G5;
				GCC_NO_COMMON_BLOCKS = YES;
				GCC_WARN_64_TO_32_BIT_CONVERSION = YES;
				GCC_WARN_ABOUT_RETURN_TYPE = YES;
				GCC_WARN_CHECK_SWITCH_STATEMENTS = YES;
				GCC_WARN_MISSING_PARENTHESES = YES;
				GCC_WARN_NON_VIRTUAL_DESTRUCTOR = YES;
				GCC_WARN_TYPECHECK_CALLS_TO_PRINTF = YES;
				GCC_WARN_UNDECLARED_SELECTOR = YES;
				GCC_WARN_UNINITIALIZED_AUTOS = YES;
				GCC_WARN_UNUSED_FUNCTION = YES;
				GCC_WARN_UNUSED_VARIABLE = YES;
				IPHONEOS_DEPLOYMENT_TARGET = 9.3;
				PRODUCT_NAME = SofaPanRemote;
				SDKROOT = iphoneos;
				TARGETED_DEVICE_FAMILY = "1,2";
				WARNING_CFLAGS = "-Wreorder";
				ZERO_LINK = NO;
			};
			name = Release;
		};
		A1F3E25F4EF002B6DA30BD08 /* Debug */ = {
			isa = XCBuildConfiguration;
			buildSettings = {
				ALWAYS_SEARCH_USER_PATHS = NO;
				CLANG_WARN_BLOCK_CAPTURE_AUTORELEASING = YES;
				CLANG_WARN_BOOL_CONVERSION = YES;
				CLANG_WARN_COMMA = YES;
				CLANG_WARN_CONSTANT_CONVERSION = YES;
				CLANG_WARN_EMPTY_BODY = YES;
				CLANG_WARN_ENUM_CONVERSION = YES;
				CLANG_WARN_INFINITE_RECURSION = YES;
				CLANG_WARN_INT_CONVERSION = YES;
				CLANG_WARN_NON_LITERAL_NULL_CONVERSION = YES;
				CLANG_WARN_OBJC_LITERAL_CONVERSION = YES;
				CLANG_WARN_RANGE_LOOP_ANALYSIS = YES;
				CLANG_WARN_STRICT_PROTOTYPES = YES;
				CLANG_WARN_SUSPICIOUS_MOVE = YES;
				CLANG_WARN_UNREACHABLE_CODE = YES;
				CLANG_WARN__DUPLICATE_METHOD_MATCH = YES;
				"CODE_SIGN_IDENTITY[sdk=iphoneos*]" = "iPhone Developer";
				DEBUG_INFORMATION_FORMAT = dwarf;
				ENABLE_STRICT_OBJC_MSGSEND = YES;
				ENABLE_TESTABILITY = YES;
				GCC_C_LANGUAGE_STANDARD = c11;
				GCC_INLINES_ARE_PRIVATE_EXTERN = YES;
				GCC_MODEL_TUNING = G5;
				GCC_NO_COMMON_BLOCKS = YES;
				GCC_WARN_64_TO_32_BIT_CONVERSION = YES;
				GCC_WARN_ABOUT_RETURN_TYPE = YES;
				GCC_WARN_CHECK_SWITCH_STATEMENTS = YES;
				GCC_WARN_MISSING_PARENTHESES = YES;
				GCC_WARN_NON_VIRTUAL_DESTRUCTOR = YES;
				GCC_WARN_TYPECHECK_CALLS_TO_PRINTF = YES;
				GCC_WARN_UNDECLARED_SELECTOR = YES;
				GCC_WARN_UNINITIALIZED_AUTOS = YES;
				GCC_WARN_UNUSED_FUNCTION = YES;
				GCC_WARN_UNUSED_VARIABLE = YES;
				IPHONEOS_DEPLOYMENT_TARGET = 9.3;
				ONLY_ACTIVE_ARCH = YES;
				PRODUCT_NAME = SofaPanRemote;
				SDKROOT = iphoneos;
				TARGETED_DEVICE_FAMILY = "1,2";
				WARNING_CFLAGS = "-Wreorder";
				ZERO_LINK = NO;
			};
			name = Debug;
		};
		B143AFFC5558CEB1D47CA05A /* Debug */ = {
			isa = XCBuildConfiguration;
			buildSettings = {
				ASSETCATALOG_COMPILER_APPICON_NAME = AppIcon;
				ASSETCATALOG_COMPILER_LAUNCHIMAGE_NAME = LaunchImage;
				CLANG_CXX_LANGUAGE_STANDARD = "c++11";
				CLANG_LINK_OBJC_RUNTIME = NO;
				COMBINE_HIDPI_IMAGES = YES;
				CONFIGURATION_BUILD_DIR = "$(PROJECT_DIR)/build/$(CONFIGURATION)";
				COPY_PHASE_STRIP = NO;
				GCC_DYNAMIC_NO_PIC = NO;
				GCC_OPTIMIZATION_LEVEL = 0;
				GCC_PREPROCESSOR_DEFINITIONS = (
					"_DEBUG=1",
					"DEBUG=1",
					"JUCER_XCODE_IPHONE_5BC26AE3=1",
					"JUCE_APP_VERSION=1.0.0",
					"JUCE_APP_VERSION_HEX=0x10000",
					"JucePlugin_Build_VST=0",
					"JucePlugin_Build_VST3=0",
					"JucePlugin_Build_AU=0",
					"JucePlugin_Build_AUv3=0",
					"JucePlugin_Build_RTAS=0",
					"JucePlugin_Build_AAX=0",
					"JucePlugin_Build_Standalone=0",
				);
				GCC_VERSION = com.apple.compilers.llvm.clang.1_0;
				HEADER_SEARCH_PATHS = (
					../../JuceLibraryCode,
					/Users/David/GitRepos/JUCE/modules,
					"$(inherited)",
				);
				INFOPLIST_FILE = "Info-App.plist";
				INFOPLIST_PREPROCESS = NO;
				INSTALL_PATH = "$(HOME)/Applications";
				PRODUCT_BUNDLE_IDENTIFIER = com.yourcompany.SofaPanRemote;
				USE_HEADERMAP = NO;
			};
			name = Debug;
		};
/* End XCBuildConfiguration section */

/* Begin XCConfigurationList section */
		AF1604D92D437C0E1FBD1C18 /* Build configuration list for PBXProject "SofaPanRemote" */ = {
			isa = XCConfigurationList;
			buildConfigurations = (
				A1F3E25F4EF002B6DA30BD08 /* Debug */,
				5BAB14BEAD7EF3081046FEAB /* Release */,
			);
			defaultConfigurationIsVisible = 0;
			defaultConfigurationName = Debug;
		};
		E042E7D84A8DC3FDF32499B9 /* Build configuration list for PBXNativeTarget "SofaPanRemote - App" */ = {
			isa = XCConfigurationList;
			buildConfigurations = (
				B143AFFC5558CEB1D47CA05A /* Debug */,
				2394B70F619C03EE05AADFA3 /* Release */,
			);
			defaultConfigurationIsVisible = 0;
			defaultConfigurationName = Debug;
		};
/* End XCConfigurationList section */
	};
	rootObject = F5D2391C8D1B106A84FD04AB /* Project object */;
}
